// !$*UTF8*$!
{
	archiveVersion = 1;
	classes = {
	};
	objectVersion = 56;
	objects = {

/* Begin PBXBuildFile section */
		1A03BDA22B92F910008C13DC /* FirebaseStorage in Frameworks */ = {isa = PBXBuildFile; productRef = 1A03BDA12B92F910008C13DC /* FirebaseStorage */; };
		1AF880D32B8DB5A2004076EB /* Api.plist in Resources */ = {isa = PBXBuildFile; fileRef = 1AF880D22B8DB5A2004076EB /* Api.plist */; };
		3F7831602BAB0B3D00354211 /* calendar.json in Resources */ = {isa = PBXBuildFile; fileRef = 3F78315F2BAB0B3D00354211 /* calendar.json */; };
		3F9E0A532BA352E5004BF1CB /* MapKit.framework in Frameworks */ = {isa = PBXBuildFile; fileRef = 3F9E0A522BA352E4004BF1CB /* MapKit.framework */; };
		6B95C0382B8C7A3B00DBB175 /* SFProDisplay-Bold.otf in Resources */ = {isa = PBXBuildFile; fileRef = 6B95C02F2B8C7A3B00DBB175 /* SFProDisplay-Bold.otf */; };
		6B95C03E2B8C7A3B00DBB175 /* SFProRounded-Bold.otf in Resources */ = {isa = PBXBuildFile; fileRef = 6B95C0352B8C7A3B00DBB175 /* SFProRounded-Bold.otf */; };
		6B95C04C2B8C7A5A00DBB175 /* SFProDisplay-Regular.otf in Resources */ = {isa = PBXBuildFile; fileRef = 6B95C0412B8C7A5900DBB175 /* SFProDisplay-Regular.otf */; };
		6B95C0512B8C7A5A00DBB175 /* SFProRounded-Regular.otf in Resources */ = {isa = PBXBuildFile; fileRef = 6B95C0462B8C7A5A00DBB175 /* SFProRounded-Regular.otf */; };
		6B95C0562B8D74BD00DBB175 /* FirebaseAuth in Frameworks */ = {isa = PBXBuildFile; productRef = 6B95C0552B8D74BD00DBB175 /* FirebaseAuth */; };
		6B95C05B2B8DA79900DBB175 /* GoogleSignIn in Frameworks */ = {isa = PBXBuildFile; productRef = 6B95C05A2B8DA79900DBB175 /* GoogleSignIn */; };
		6B95C05D2B8DA79900DBB175 /* GoogleSignInSwift in Frameworks */ = {isa = PBXBuildFile; productRef = 6B95C05C2B8DA79900DBB175 /* GoogleSignInSwift */; };
		6BABC3722B85D109009267B3 /* Assets.xcassets in Resources */ = {isa = PBXBuildFile; fileRef = 6BABC3712B85D109009267B3 /* Assets.xcassets */; };
		6BABC3752B85D109009267B3 /* LaunchScreen.storyboard in Resources */ = {isa = PBXBuildFile; fileRef = 6BABC3732B85D109009267B3 /* LaunchScreen.storyboard */; };
		6BABC37E2B85D142009267B3 /* SnapKit in Frameworks */ = {isa = PBXBuildFile; productRef = 6BABC37D2B85D142009267B3 /* SnapKit */; };
		6BB3CE462B8619D0005BC3E1 /* FirebaseFirestore in Frameworks */ = {isa = PBXBuildFile; productRef = 6BB3CE452B8619D0005BC3E1 /* FirebaseFirestore */; };
		6BB3CE482B8619D5005BC3E1 /* FirebaseFirestoreSwift in Frameworks */ = {isa = PBXBuildFile; productRef = 6BB3CE472B8619D5005BC3E1 /* FirebaseFirestoreSwift */; };
		D2F0EEFE2BA9F7FE008736F1 /* Lottie in Frameworks */ = {isa = PBXBuildFile; productRef = D2F0EEFD2BA9F7FE008736F1 /* Lottie */; };
		D2F0EF332BAAAD51008736F1 /* DiaryDataDelegate.swift in Sources */ = {isa = PBXBuildFile; fileRef = D2094B2B2B9FE9BB00508230 /* DiaryDataDelegate.swift */; };
		D2F0EF342BAAAD51008736F1 /* NotificationName.swift in Sources */ = {isa = PBXBuildFile; fileRef = D2094B342BA14A6600508230 /* NotificationName.swift */; };
		D2F0EF352BAAAD51008736F1 /* WeatherService.swift in Sources */ = {isa = PBXBuildFile; fileRef = 1AF880D72B8DC135004076EB /* WeatherService.swift */; };
		D2F0EF362BAAAD51008736F1 /* EveryDiary++Bundle.swift in Sources */ = {isa = PBXBuildFile; fileRef = 1AF880E12B8EC021004076EB /* EveryDiary++Bundle.swift */; };
		D2F0EF372BAAAD51008736F1 /* SetFaceID.swift in Sources */ = {isa = PBXBuildFile; fileRef = 1AF880E32B8F182B004076EB /* SetFaceID.swift */; };
		D2F0EF382BAAAD51008736F1 /* FireStore.swift in Sources */ = {isa = PBXBuildFile; fileRef = 6BA011602B88790800A26CE0 /* FireStore.swift */; };
		D2F0EF392BAAAD51008736F1 /* FirebaseStorageManager.swift in Sources */ = {isa = PBXBuildFile; fileRef = 1A03BDA32B92FA7D008C13DC /* FirebaseStorageManager.swift */; };
		D2F0EF3A2BAAAD51008736F1 /* PaginationManager.swift in Sources */ = {isa = PBXBuildFile; fileRef = 1A6D90672BA05B8500DEBB12 /* PaginationManager.swift */; };
		D2F0EF3B2BAAAD51008736F1 /* DataModel.swift in Sources */ = {isa = PBXBuildFile; fileRef = 6BA0115E2B8878F600A26CE0 /* DataModel.swift */; };
		D2F0EF3C2BAAAD51008736F1 /* WeatherModel.swift in Sources */ = {isa = PBXBuildFile; fileRef = 1AF880D42B8DB715004076EB /* WeatherModel.swift */; };
		D2F0EF3D2BAAAD51008736F1 /* MotivationImageCache.swift in Sources */ = {isa = PBXBuildFile; fileRef = 6BE7C99E2BA07D2700374A2A /* MotivationImageCache.swift */; };
		D2F0EF3E2BAAAD51008736F1 /* MotivationVC.swift in Sources */ = {isa = PBXBuildFile; fileRef = 6BB3CE412B85F6A0005BC3E1 /* MotivationVC.swift */; };
		D2F0EF3F2BAAAD51008736F1 /* BuildingView.swift in Sources */ = {isa = PBXBuildFile; fileRef = 6B42613C2B8C579F00F12CE3 /* BuildingView.swift */; };
		D2F0EF402BAAAD51008736F1 /* HonorVC.swift in Sources */ = {isa = PBXBuildFile; fileRef = 6BA0115A2B886A9100A26CE0 /* HonorVC.swift */; };
		D2F0EF422BAAAD51008736F1 /* DiaryListVC.swift in Sources */ = {isa = PBXBuildFile; fileRef = 6BB3CE432B85F6B1005BC3E1 /* DiaryListVC.swift */; };
		D2F0EF432BAAAD51008736F1 /* HeaderView.swift in Sources */ = {isa = PBXBuildFile; fileRef = 3F0FEFEA2B8D88B9001539AE /* HeaderView.swift */; };
		D2F0EF442BAAAD51008736F1 /* JournalCollectionViewCell.swift in Sources */ = {isa = PBXBuildFile; fileRef = 3F0FEFE82B8D8881001539AE /* JournalCollectionViewCell.swift */; };
		D2F0EF452BAAAD51008736F1 /* ImageCacheManager.swift in Sources */ = {isa = PBXBuildFile; fileRef = 3F3DE3032B9EFC0900BC2038 /* ImageCacheManager.swift */; };
		D2F0EF462BAAAD51008736F1 /* TrashVC.swift in Sources */ = {isa = PBXBuildFile; fileRef = 3F3DE30E2BA1451600BC2038 /* TrashVC.swift */; };
		D2F0EF472BAAAD51008736F1 /* TrashCollectionViewCell.swift in Sources */ = {isa = PBXBuildFile; fileRef = 3F3DE3102BA1461200BC2038 /* TrashCollectionViewCell.swift */; };
		D2F0EF482BAAAD51008736F1 /* CalendarVC.swift in Sources */ = {isa = PBXBuildFile; fileRef = 6BA011582B8852B400A26CE0 /* CalendarVC.swift */; };
		D2F0EF492BAAAD51008736F1 /* CalendarListVC.swift in Sources */ = {isa = PBXBuildFile; fileRef = D26E2FA02B90522D0083FEAC /* CalendarListVC.swift */; };
		D2F0EF4A2BAAAD51008736F1 /* DailyListCell.swift in Sources */ = {isa = PBXBuildFile; fileRef = D26829EF2B99A16F00A1F0E5 /* DailyListCell.swift */; };
		D2F0EF4B2BAAAD51008736F1 /* WriteDiaryVC.swift in Sources */ = {isa = PBXBuildFile; fileRef = 6BB3CE3B2B85F606005BC3E1 /* WriteDiaryVC.swift */; };
		D2F0EF4C2BAAAD51008736F1 /* KeyboardManager.swift in Sources */ = {isa = PBXBuildFile; fileRef = 3F7831572BA9FE4C00354211 /* KeyboardManager.swift */; };
		D2F0EF4D2BAAAD51008736F1 /* ImagePickerManager.swift in Sources */ = {isa = PBXBuildFile; fileRef = 3F7831532BA9D2C700354211 /* ImagePickerManager.swift */; };
		D2F0EF4E2BAAAD51008736F1 /* MapManager.swift in Sources */ = {isa = PBXBuildFile; fileRef = 3F7831552BA9EC0700354211 /* MapManager.swift */; };
		D2F0EF4F2BAAAD51008736F1 /* CarouselFlowLayout.swift in Sources */ = {isa = PBXBuildFile; fileRef = 3F78314F2BA9943E00354211 /* CarouselFlowLayout.swift */; };
		D2F0EF502BAAAD51008736F1 /* ImageCollectionViewCell.swift in Sources */ = {isa = PBXBuildFile; fileRef = 3F9E0A4E2BA2FEA2004BF1CB /* ImageCollectionViewCell.swift */; };
		D2F0EF512BAAAD51008736F1 /* MapCollectionViewCell.swift in Sources */ = {isa = PBXBuildFile; fileRef = 3F9E0A542BA35E72004BF1CB /* MapCollectionViewCell.swift */; };
		D2F0EF522BAAAD51008736F1 /* ImageZoomViewController.swift in Sources */ = {isa = PBXBuildFile; fileRef = 3F0BD0062BA1A034000DD35B /* ImageZoomViewController.swift */; };
		D2F0EF532BAAAD51008736F1 /* ImageZoomCollectionViewController.swift in Sources */ = {isa = PBXBuildFile; fileRef = 3F9E0A562BA44CE2004BF1CB /* ImageZoomCollectionViewController.swift */; };
		D2F0EF542BAAAD51008736F1 /* ImageZoomCollectionViewCell.swift in Sources */ = {isa = PBXBuildFile; fileRef = 3F9E0A582BA44DB2004BF1CB /* ImageZoomCollectionViewCell.swift */; };
		D2F0EF552BAAAD51008736F1 /* DateConditionSelectVC.swift in Sources */ = {isa = PBXBuildFile; fileRef = 3F0FEFF92B8F2819001539AE /* DateConditionSelectVC.swift */; };
		D2F0EF562BAAAD51008736F1 /* DateSelectVC.swift in Sources */ = {isa = PBXBuildFile; fileRef = 3F0FEFEC2B8DFDB1001539AE /* DateSelectVC.swift */; };
		D2F0EF572BAAAD51008736F1 /* SettingVC.swift in Sources */ = {isa = PBXBuildFile; fileRef = 6BB3CE3D2B85F66E005BC3E1 /* SettingVC.swift */; };
		D2F0EF582BAAAD51008736F1 /* SignOutCell.swift in Sources */ = {isa = PBXBuildFile; fileRef = D26E2F9E2B90239A0083FEAC /* SignOutCell.swift */; };
		D2F0EF592BAAAD51008736F1 /* ProfileCell.swift in Sources */ = {isa = PBXBuildFile; fileRef = D26E2F9C2B9023400083FEAC /* ProfileCell.swift */; };
		D2F0EF5A2BAAAD51008736F1 /* SettingCell.swift in Sources */ = {isa = PBXBuildFile; fileRef = 6B3C4CCC2B8EDACD00C53005 /* SettingCell.swift */; };
		D2F0EF5B2BAAAD51008736F1 /* LoginVC.swift in Sources */ = {isa = PBXBuildFile; fileRef = 6B3C4CC92B8ECF3F00C53005 /* LoginVC.swift */; };
		D2F0EF5C2BAAAD51008736F1 /* NotificationVC.swift in Sources */ = {isa = PBXBuildFile; fileRef = 6B3C4CCE2B8EE80700C53005 /* NotificationVC.swift */; };
		D2F0EF5D2BAAAD51008736F1 /* DateCell.swift in Sources */ = {isa = PBXBuildFile; fileRef = D2B878572BA2B01400AB71A0 /* DateCell.swift */; };
		D2F0EF5E2BAAAD51008736F1 /* NotificationCell.swift in Sources */ = {isa = PBXBuildFile; fileRef = D2B878532BA29DCB00AB71A0 /* NotificationCell.swift */; };
		D2F0EF5F2BAAAD51008736F1 /* TimePickerCell.swift in Sources */ = {isa = PBXBuildFile; fileRef = D2B878592BA2BF3F00AB71A0 /* TimePickerCell.swift */; };
		D2F0EF602BAAAD51008736F1 /* DayPickerCell.swift in Sources */ = {isa = PBXBuildFile; fileRef = D2B8785B2BA2BF4A00AB71A0 /* DayPickerCell.swift */; };
		D2F0EF612BAAAD51008736F1 /* LockVC.swift in Sources */ = {isa = PBXBuildFile; fileRef = 6B3C4CD02B8EE81300C53005 /* LockVC.swift */; };
		D2F0EF622BAAAD51008736F1 /* LaunchViewController.swift in Sources */ = {isa = PBXBuildFile; fileRef = 1A2BA69D2B90185E0019D1D5 /* LaunchViewController.swift */; };
		D2F0EF632BAAAD51008736F1 /* AppDelegate.swift in Sources */ = {isa = PBXBuildFile; fileRef = 6BABC3682B85D107009267B3 /* AppDelegate.swift */; };
		D2F0EF642BAAAD51008736F1 /* StartVC.swift in Sources */ = {isa = PBXBuildFile; fileRef = 1A6D906B2BA1A39800DEBB12 /* StartVC.swift */; };
		D2F0EF652BAAAD51008736F1 /* SceneDelegate.swift in Sources */ = {isa = PBXBuildFile; fileRef = 6BABC36A2B85D107009267B3 /* SceneDelegate.swift */; };
		D2F0EF662BAAAD51008736F1 /* TabBarController.swift in Sources */ = {isa = PBXBuildFile; fileRef = 6BB3CE342B85EFB1005BC3E1 /* TabBarController.swift */; };
		D2F0EF6E2BAAD909008736F1 /* calendar.json in Resources */ = {isa = PBXBuildFile; fileRef = D2F0EF6D2BAAD909008736F1 /* calendar.json */; };
		D2F0EF712BAADECF008736F1 /* LocalAuthentication.framework in Frameworks */ = {isa = PBXBuildFile; fileRef = 1A83D0B52BA9B1C4005DC6C6 /* LocalAuthentication.framework */; };
		D2F0EF742BAADED1008736F1 /* MapKit.framework in Frameworks */ = {isa = PBXBuildFile; fileRef = 3F9E0A522BA352E4004BF1CB /* MapKit.framework */; };
/* End PBXBuildFile section */

/* Begin PBXFileReference section */
		1A03BDA32B92FA7D008C13DC /* FirebaseStorageManager.swift */ = {isa = PBXFileReference; lastKnownFileType = sourcecode.swift; path = FirebaseStorageManager.swift; sourceTree = "<group>"; };
		1A2BA69D2B90185E0019D1D5 /* LaunchViewController.swift */ = {isa = PBXFileReference; lastKnownFileType = sourcecode.swift; path = LaunchViewController.swift; sourceTree = "<group>"; };
		1A6D90672BA05B8500DEBB12 /* PaginationManager.swift */ = {isa = PBXFileReference; lastKnownFileType = sourcecode.swift; path = PaginationManager.swift; sourceTree = "<group>"; };
		1A6D906B2BA1A39800DEBB12 /* StartVC.swift */ = {isa = PBXFileReference; lastKnownFileType = sourcecode.swift; path = StartVC.swift; sourceTree = "<group>"; };
		1A83D0B52BA9B1C4005DC6C6 /* LocalAuthentication.framework */ = {isa = PBXFileReference; lastKnownFileType = wrapper.framework; name = LocalAuthentication.framework; path = System/Library/Frameworks/LocalAuthentication.framework; sourceTree = SDKROOT; };
		1A83D0BD2BAAB136005DC6C6 /* calendar.json */ = {isa = PBXFileReference; fileEncoding = 4; lastKnownFileType = text.json; path = calendar.json; sourceTree = "<group>"; };
		1AF880D22B8DB5A2004076EB /* Api.plist */ = {isa = PBXFileReference; lastKnownFileType = text.plist.xml; path = Api.plist; sourceTree = "<group>"; };
		1AF880D42B8DB715004076EB /* WeatherModel.swift */ = {isa = PBXFileReference; lastKnownFileType = sourcecode.swift; path = WeatherModel.swift; sourceTree = "<group>"; };
		1AF880D72B8DC135004076EB /* WeatherService.swift */ = {isa = PBXFileReference; lastKnownFileType = sourcecode.swift; path = WeatherService.swift; sourceTree = "<group>"; };
		1AF880E12B8EC021004076EB /* EveryDiary++Bundle.swift */ = {isa = PBXFileReference; lastKnownFileType = sourcecode.swift; path = "EveryDiary++Bundle.swift"; sourceTree = "<group>"; };
		1AF880E32B8F182B004076EB /* SetFaceID.swift */ = {isa = PBXFileReference; lastKnownFileType = sourcecode.swift; path = SetFaceID.swift; sourceTree = "<group>"; };
		3F0BD0062BA1A034000DD35B /* ImageZoomViewController.swift */ = {isa = PBXFileReference; lastKnownFileType = sourcecode.swift; path = ImageZoomViewController.swift; sourceTree = "<group>"; };
		3F0FEFE82B8D8881001539AE /* JournalCollectionViewCell.swift */ = {isa = PBXFileReference; lastKnownFileType = sourcecode.swift; path = JournalCollectionViewCell.swift; sourceTree = "<group>"; };
		3F0FEFEA2B8D88B9001539AE /* HeaderView.swift */ = {isa = PBXFileReference; lastKnownFileType = sourcecode.swift; path = HeaderView.swift; sourceTree = "<group>"; };
		3F0FEFEC2B8DFDB1001539AE /* DateSelectVC.swift */ = {isa = PBXFileReference; lastKnownFileType = sourcecode.swift; path = DateSelectVC.swift; sourceTree = "<group>"; };
		3F0FEFF92B8F2819001539AE /* DateConditionSelectVC.swift */ = {isa = PBXFileReference; lastKnownFileType = sourcecode.swift; path = DateConditionSelectVC.swift; sourceTree = "<group>"; };
		3F3DE3032B9EFC0900BC2038 /* ImageCacheManager.swift */ = {isa = PBXFileReference; lastKnownFileType = sourcecode.swift; path = ImageCacheManager.swift; sourceTree = "<group>"; };
		3F3DE30E2BA1451600BC2038 /* TrashVC.swift */ = {isa = PBXFileReference; lastKnownFileType = sourcecode.swift; path = TrashVC.swift; sourceTree = "<group>"; };
		3F3DE3102BA1461200BC2038 /* TrashCollectionViewCell.swift */ = {isa = PBXFileReference; lastKnownFileType = sourcecode.swift; path = TrashCollectionViewCell.swift; sourceTree = "<group>"; };
		3F78314F2BA9943E00354211 /* CarouselFlowLayout.swift */ = {isa = PBXFileReference; lastKnownFileType = sourcecode.swift; path = CarouselFlowLayout.swift; sourceTree = "<group>"; };
		3F7831532BA9D2C700354211 /* ImagePickerManager.swift */ = {isa = PBXFileReference; lastKnownFileType = sourcecode.swift; path = ImagePickerManager.swift; sourceTree = "<group>"; };
		3F7831552BA9EC0700354211 /* MapManager.swift */ = {isa = PBXFileReference; lastKnownFileType = sourcecode.swift; path = MapManager.swift; sourceTree = "<group>"; };
		3F7831572BA9FE4C00354211 /* KeyboardManager.swift */ = {isa = PBXFileReference; lastKnownFileType = sourcecode.swift; path = KeyboardManager.swift; sourceTree = "<group>"; };
		3F78315F2BAB0B3D00354211 /* calendar.json */ = {isa = PBXFileReference; fileEncoding = 4; lastKnownFileType = text.json; path = calendar.json; sourceTree = "<group>"; };
		3F9E0A4E2BA2FEA2004BF1CB /* ImageCollectionViewCell.swift */ = {isa = PBXFileReference; lastKnownFileType = sourcecode.swift; path = ImageCollectionViewCell.swift; sourceTree = "<group>"; };
		3F9E0A522BA352E4004BF1CB /* MapKit.framework */ = {isa = PBXFileReference; lastKnownFileType = wrapper.framework; name = MapKit.framework; path = System/Library/Frameworks/MapKit.framework; sourceTree = SDKROOT; };
		3F9E0A542BA35E72004BF1CB /* MapCollectionViewCell.swift */ = {isa = PBXFileReference; lastKnownFileType = sourcecode.swift; path = MapCollectionViewCell.swift; sourceTree = "<group>"; };
		3F9E0A562BA44CE2004BF1CB /* ImageZoomCollectionViewController.swift */ = {isa = PBXFileReference; lastKnownFileType = sourcecode.swift; path = ImageZoomCollectionViewController.swift; sourceTree = "<group>"; };
		3F9E0A582BA44DB2004BF1CB /* ImageZoomCollectionViewCell.swift */ = {isa = PBXFileReference; lastKnownFileType = sourcecode.swift; path = ImageZoomCollectionViewCell.swift; sourceTree = "<group>"; };
		6B3C4CC92B8ECF3F00C53005 /* LoginVC.swift */ = {isa = PBXFileReference; lastKnownFileType = sourcecode.swift; path = LoginVC.swift; sourceTree = "<group>"; };
		6B3C4CCC2B8EDACD00C53005 /* SettingCell.swift */ = {isa = PBXFileReference; lastKnownFileType = sourcecode.swift; path = SettingCell.swift; sourceTree = "<group>"; };
		6B3C4CCE2B8EE80700C53005 /* NotificationVC.swift */ = {isa = PBXFileReference; lastKnownFileType = sourcecode.swift; path = NotificationVC.swift; sourceTree = "<group>"; };
		6B3C4CD02B8EE81300C53005 /* LockVC.swift */ = {isa = PBXFileReference; lastKnownFileType = sourcecode.swift; path = LockVC.swift; sourceTree = "<group>"; };
		6B42613C2B8C579F00F12CE3 /* BuildingView.swift */ = {isa = PBXFileReference; lastKnownFileType = sourcecode.swift; path = BuildingView.swift; sourceTree = "<group>"; };
		6B95C02F2B8C7A3B00DBB175 /* SFProDisplay-Bold.otf */ = {isa = PBXFileReference; lastKnownFileType = file; path = "SFProDisplay-Bold.otf"; sourceTree = "<group>"; };
		6B95C0352B8C7A3B00DBB175 /* SFProRounded-Bold.otf */ = {isa = PBXFileReference; lastKnownFileType = file; path = "SFProRounded-Bold.otf"; sourceTree = "<group>"; };
		6B95C0412B8C7A5900DBB175 /* SFProDisplay-Regular.otf */ = {isa = PBXFileReference; lastKnownFileType = file; path = "SFProDisplay-Regular.otf"; sourceTree = "<group>"; };
		6B95C0462B8C7A5A00DBB175 /* SFProRounded-Regular.otf */ = {isa = PBXFileReference; lastKnownFileType = file; path = "SFProRounded-Regular.otf"; sourceTree = "<group>"; };
		6BA011582B8852B400A26CE0 /* CalendarVC.swift */ = {isa = PBXFileReference; lastKnownFileType = sourcecode.swift; path = CalendarVC.swift; sourceTree = "<group>"; };
		6BA0115A2B886A9100A26CE0 /* HonorVC.swift */ = {isa = PBXFileReference; lastKnownFileType = sourcecode.swift; path = HonorVC.swift; sourceTree = "<group>"; };
		6BA0115E2B8878F600A26CE0 /* DataModel.swift */ = {isa = PBXFileReference; lastKnownFileType = sourcecode.swift; path = DataModel.swift; sourceTree = "<group>"; };
		6BA011602B88790800A26CE0 /* FireStore.swift */ = {isa = PBXFileReference; lastKnownFileType = sourcecode.swift; path = FireStore.swift; sourceTree = "<group>"; };
		6BABC3652B85D107009267B3 /* EveryDiary.app */ = {isa = PBXFileReference; explicitFileType = wrapper.application; includeInIndex = 0; path = EveryDiary.app; sourceTree = BUILT_PRODUCTS_DIR; };
		6BABC3682B85D107009267B3 /* AppDelegate.swift */ = {isa = PBXFileReference; lastKnownFileType = sourcecode.swift; path = AppDelegate.swift; sourceTree = "<group>"; };
		6BABC36A2B85D107009267B3 /* SceneDelegate.swift */ = {isa = PBXFileReference; lastKnownFileType = sourcecode.swift; path = SceneDelegate.swift; sourceTree = "<group>"; };
		6BABC3712B85D109009267B3 /* Assets.xcassets */ = {isa = PBXFileReference; lastKnownFileType = folder.assetcatalog; path = Assets.xcassets; sourceTree = "<group>"; };
		6BABC3742B85D109009267B3 /* Base */ = {isa = PBXFileReference; lastKnownFileType = file.storyboard; name = Base; path = Base.lproj/LaunchScreen.storyboard; sourceTree = "<group>"; };
		6BABC3762B85D109009267B3 /* Info.plist */ = {isa = PBXFileReference; lastKnownFileType = text.plist.xml; path = Info.plist; sourceTree = "<group>"; };
		6BB3CE342B85EFB1005BC3E1 /* TabBarController.swift */ = {isa = PBXFileReference; lastKnownFileType = sourcecode.swift; path = TabBarController.swift; sourceTree = "<group>"; };
		6BB3CE3B2B85F606005BC3E1 /* WriteDiaryVC.swift */ = {isa = PBXFileReference; lastKnownFileType = sourcecode.swift; path = WriteDiaryVC.swift; sourceTree = "<group>"; };
		6BB3CE3D2B85F66E005BC3E1 /* SettingVC.swift */ = {isa = PBXFileReference; lastKnownFileType = sourcecode.swift; path = SettingVC.swift; sourceTree = "<group>"; };
		6BB3CE412B85F6A0005BC3E1 /* MotivationVC.swift */ = {isa = PBXFileReference; lastKnownFileType = sourcecode.swift; path = MotivationVC.swift; sourceTree = "<group>"; };
		6BB3CE432B85F6B1005BC3E1 /* DiaryListVC.swift */ = {isa = PBXFileReference; lastKnownFileType = sourcecode.swift; path = DiaryListVC.swift; sourceTree = "<group>"; };
		6BE7C99E2BA07D2700374A2A /* MotivationImageCache.swift */ = {isa = PBXFileReference; lastKnownFileType = sourcecode.swift; path = MotivationImageCache.swift; sourceTree = "<group>"; };
		D2094B2B2B9FE9BB00508230 /* DiaryDataDelegate.swift */ = {isa = PBXFileReference; lastKnownFileType = sourcecode.swift; path = DiaryDataDelegate.swift; sourceTree = "<group>"; };
		D2094B342BA14A6600508230 /* NotificationName.swift */ = {isa = PBXFileReference; lastKnownFileType = sourcecode.swift; path = NotificationName.swift; sourceTree = "<group>"; };
		D26829EF2B99A16F00A1F0E5 /* DailyListCell.swift */ = {isa = PBXFileReference; lastKnownFileType = sourcecode.swift; path = DailyListCell.swift; sourceTree = "<group>"; };
		D26E2F9B2B8F87DC0083FEAC /* EveryDiary.entitlements */ = {isa = PBXFileReference; lastKnownFileType = text.plist.entitlements; path = EveryDiary.entitlements; sourceTree = "<group>"; };
		D26E2F9C2B9023400083FEAC /* ProfileCell.swift */ = {isa = PBXFileReference; lastKnownFileType = sourcecode.swift; path = ProfileCell.swift; sourceTree = "<group>"; };
		D26E2F9E2B90239A0083FEAC /* SignOutCell.swift */ = {isa = PBXFileReference; lastKnownFileType = sourcecode.swift; path = SignOutCell.swift; sourceTree = "<group>"; };
		D26E2FA02B90522D0083FEAC /* CalendarListVC.swift */ = {isa = PBXFileReference; lastKnownFileType = sourcecode.swift; path = CalendarListVC.swift; sourceTree = "<group>"; };
		D26E2FA72B9072BF0083FEAC /* CryptoKit.framework */ = {isa = PBXFileReference; lastKnownFileType = wrapper.framework; name = CryptoKit.framework; path = System/Library/Frameworks/CryptoKit.framework; sourceTree = SDKROOT; };
		D2B878532BA29DCB00AB71A0 /* NotificationCell.swift */ = {isa = PBXFileReference; lastKnownFileType = sourcecode.swift; path = NotificationCell.swift; sourceTree = "<group>"; };
		D2B878572BA2B01400AB71A0 /* DateCell.swift */ = {isa = PBXFileReference; lastKnownFileType = sourcecode.swift; path = DateCell.swift; sourceTree = "<group>"; };
		D2B878592BA2BF3F00AB71A0 /* TimePickerCell.swift */ = {isa = PBXFileReference; lastKnownFileType = sourcecode.swift; path = TimePickerCell.swift; sourceTree = "<group>"; };
		D2B8785B2BA2BF4A00AB71A0 /* DayPickerCell.swift */ = {isa = PBXFileReference; lastKnownFileType = sourcecode.swift; path = DayPickerCell.swift; sourceTree = "<group>"; };
		D2F0EF6D2BAAD909008736F1 /* calendar.json */ = {isa = PBXFileReference; fileEncoding = 4; lastKnownFileType = text.json; path = calendar.json; sourceTree = "<group>"; };
/* End PBXFileReference section */

/* Begin PBXFrameworksBuildPhase section */
		6BABC3622B85D107009267B3 /* Frameworks */ = {
			isa = PBXFrameworksBuildPhase;
			buildActionMask = 2147483647;
			files = (
				6BB3CE482B8619D5005BC3E1 /* FirebaseFirestoreSwift in Frameworks */,
				6B95C0562B8D74BD00DBB175 /* FirebaseAuth in Frameworks */,
				D2F0EF742BAADED1008736F1 /* MapKit.framework in Frameworks */,
				D2F0EEFE2BA9F7FE008736F1 /* Lottie in Frameworks */,
				6BABC37E2B85D142009267B3 /* SnapKit in Frameworks */,
				6B95C05D2B8DA79900DBB175 /* GoogleSignInSwift in Frameworks */,
				6BB3CE462B8619D0005BC3E1 /* FirebaseFirestore in Frameworks */,
				1A03BDA22B92F910008C13DC /* FirebaseStorage in Frameworks */,
				D2F0EF712BAADECF008736F1 /* LocalAuthentication.framework in Frameworks */,
				6B95C05B2B8DA79900DBB175 /* GoogleSignIn in Frameworks */,
			);
			runOnlyForDeploymentPostprocessing = 0;
		};
/* End PBXFrameworksBuildPhase section */

/* Begin PBXGroup section */
		1A6D90662BA059DB00DEBB12 /* Recovered References */ = {
			isa = PBXGroup;
			children = (
			);
			name = "Recovered References";
			sourceTree = "<group>";
		};
		1A83D0AE2BA97FE4005DC6C6 /* Security */ = {
			isa = PBXGroup;
			children = (
				6B3C4CD02B8EE81300C53005 /* LockVC.swift */,
				1A2BA69D2B90185E0019D1D5 /* LaunchViewController.swift */,
			);
			path = Security;
			sourceTree = "<group>";
		};
		1AF880D62B8DC125004076EB /* Service */ = {
			isa = PBXGroup;
			children = (
				1AF880D72B8DC135004076EB /* WeatherService.swift */,
				1AF880E12B8EC021004076EB /* EveryDiary++Bundle.swift */,
				1AF880E32B8F182B004076EB /* SetFaceID.swift */,
			);
			path = Service;
			sourceTree = "<group>";
		};
		6B95BF822B8C78DD00DBB175 /* Font */ = {
			isa = PBXGroup;
			children = (
				6B95C0412B8C7A5900DBB175 /* SFProDisplay-Regular.otf */,
				6B95C0462B8C7A5A00DBB175 /* SFProRounded-Regular.otf */,
				6B95C02F2B8C7A3B00DBB175 /* SFProDisplay-Bold.otf */,
				6B95C0352B8C7A3B00DBB175 /* SFProRounded-Bold.otf */,
			);
			path = Font;
			sourceTree = "<group>";
		};
		6BA011572B88527F00A26CE0 /* Calendar */ = {
			isa = PBXGroup;
			children = (
				6BA011582B8852B400A26CE0 /* CalendarVC.swift */,
				D26E2FA02B90522D0083FEAC /* CalendarListVC.swift */,
				D26829EF2B99A16F00A1F0E5 /* DailyListCell.swift */,
			);
			path = Calendar;
			sourceTree = "<group>";
		};
		6BA0115C2B8877DD00A26CE0 /* Model */ = {
			isa = PBXGroup;
			children = (
				6BA0115E2B8878F600A26CE0 /* DataModel.swift */,
				1AF880D42B8DB715004076EB /* WeatherModel.swift */,
			);
			path = Model;
			sourceTree = "<group>";
		};
		6BA0115D2B8877EE00A26CE0 /* RemoteDB */ = {
			isa = PBXGroup;
			children = (
				6BA011602B88790800A26CE0 /* FireStore.swift */,
				1A03BDA32B92FA7D008C13DC /* FirebaseStorageManager.swift */,
				1A6D90672BA05B8500DEBB12 /* PaginationManager.swift */,
			);
			path = RemoteDB;
			sourceTree = "<group>";
		};
		6BABC35C2B85D107009267B3 = {
			isa = PBXGroup;
			children = (
				6BABC3672B85D107009267B3 /* EveryDiary */,
				6BABC3662B85D107009267B3 /* Products */,
				6BABC3C92B85D805009267B3 /* Frameworks */,
				1A6D90662BA059DB00DEBB12 /* Recovered References */,
			);
			sourceTree = "<group>";
		};
		6BABC3662B85D107009267B3 /* Products */ = {
			isa = PBXGroup;
			children = (
				6BABC3652B85D107009267B3 /* EveryDiary.app */,
			);
			name = Products;
			sourceTree = "<group>";
		};
		6BABC3672B85D107009267B3 /* EveryDiary */ = {
			isa = PBXGroup;
			children = (
				D26E2F9B2B8F87DC0083FEAC /* EveryDiary.entitlements */,
				D2094B332BA14A2A00508230 /* AppEvents */,
				1AF880D62B8DC125004076EB /* Service */,
				6B95BF822B8C78DD00DBB175 /* Font */,
				6BA0115D2B8877EE00A26CE0 /* RemoteDB */,
				6BA0115C2B8877DD00A26CE0 /* Model */,
				6BB3CE372B85F07C005BC3E1 /* Motivation */,
				6BB3CE362B85F070005BC3E1 /* DiaryList */,
				6BA011572B88527F00A26CE0 /* Calendar */,
				6BB3CE3A2B85F087005BC3E1 /* WriteDiary */,
				6BB3CE392B85F081005BC3E1 /* Setting */,
				6BEA05F62BAAB2AC000E47D4 /* lottie */,
				D2B878522BA29D5200AB71A0 /* PushNotification */,
				1A83D0AE2BA97FE4005DC6C6 /* Security */,
				6BABC3682B85D107009267B3 /* AppDelegate.swift */,
				1A6D906B2BA1A39800DEBB12 /* StartVC.swift */,
				6BABC36A2B85D107009267B3 /* SceneDelegate.swift */,
				6BB3CE342B85EFB1005BC3E1 /* TabBarController.swift */,
				6BABC3732B85D109009267B3 /* LaunchScreen.storyboard */,
				6BABC3712B85D109009267B3 /* Assets.xcassets */,
				6BABC3762B85D109009267B3 /* Info.plist */,
				1AF880D22B8DB5A2004076EB /* Api.plist */,
			);
			path = EveryDiary;
			sourceTree = "<group>";
		};
		6BABC3C92B85D805009267B3 /* Frameworks */ = {
			isa = PBXGroup;
			children = (
				1A83D0B52BA9B1C4005DC6C6 /* LocalAuthentication.framework */,
				3F9E0A522BA352E4004BF1CB /* MapKit.framework */,
				D26E2FA72B9072BF0083FEAC /* CryptoKit.framework */,
			);
			name = Frameworks;
			sourceTree = "<group>";
		};
		6BB3CE362B85F070005BC3E1 /* DiaryList */ = {
			isa = PBXGroup;
			children = (
				6BB3CE432B85F6B1005BC3E1 /* DiaryListVC.swift */,
				3F0FEFEA2B8D88B9001539AE /* HeaderView.swift */,
				3F0FEFE82B8D8881001539AE /* JournalCollectionViewCell.swift */,
				3F3DE3032B9EFC0900BC2038 /* ImageCacheManager.swift */,
				3F3DE30E2BA1451600BC2038 /* TrashVC.swift */,
				3F3DE3102BA1461200BC2038 /* TrashCollectionViewCell.swift */,
			);
			path = DiaryList;
			sourceTree = "<group>";
		};
		6BB3CE372B85F07C005BC3E1 /* Motivation */ = {
			isa = PBXGroup;
			children = (
				6BE7C99E2BA07D2700374A2A /* MotivationImageCache.swift */,
				6BB3CE412B85F6A0005BC3E1 /* MotivationVC.swift */,
				6B42613C2B8C579F00F12CE3 /* BuildingView.swift */,
				6BA0115A2B886A9100A26CE0 /* HonorVC.swift */,
			);
			path = Motivation;
			sourceTree = "<group>";
		};
		6BB3CE392B85F081005BC3E1 /* Setting */ = {
			isa = PBXGroup;
			children = (
				6BB3CE3D2B85F66E005BC3E1 /* SettingVC.swift */,
				D26E2F9E2B90239A0083FEAC /* SignOutCell.swift */,
				D26E2F9C2B9023400083FEAC /* ProfileCell.swift */,
				6B3C4CCC2B8EDACD00C53005 /* SettingCell.swift */,
				6B3C4CC92B8ECF3F00C53005 /* LoginVC.swift */,
			);
			path = Setting;
			sourceTree = "<group>";
		};
		6BB3CE3A2B85F087005BC3E1 /* WriteDiary */ = {
			isa = PBXGroup;
			children = (
				6BB3CE3B2B85F606005BC3E1 /* WriteDiaryVC.swift */,
				3F7831572BA9FE4C00354211 /* KeyboardManager.swift */,
				3F7831532BA9D2C700354211 /* ImagePickerManager.swift */,
				3F7831552BA9EC0700354211 /* MapManager.swift */,
				3F78314F2BA9943E00354211 /* CarouselFlowLayout.swift */,
				3F9E0A4E2BA2FEA2004BF1CB /* ImageCollectionViewCell.swift */,
				3F9E0A542BA35E72004BF1CB /* MapCollectionViewCell.swift */,
				3F0BD0062BA1A034000DD35B /* ImageZoomViewController.swift */,
				3F9E0A562BA44CE2004BF1CB /* ImageZoomCollectionViewController.swift */,
				3F9E0A582BA44DB2004BF1CB /* ImageZoomCollectionViewCell.swift */,
				3F0FEFF92B8F2819001539AE /* DateConditionSelectVC.swift */,
				3F0FEFEC2B8DFDB1001539AE /* DateSelectVC.swift */,
			);
			path = WriteDiary;
			sourceTree = "<group>";
		};
		6BEA05F62BAAB2AC000E47D4 /* lottie */ = {
			isa = PBXGroup;
			children = (
				3F78315F2BAB0B3D00354211 /* calendar.json */,
			);
			path = lottie;
			sourceTree = "<group>";
		};
		D2094B332BA14A2A00508230 /* AppEvents */ = {
			isa = PBXGroup;
			children = (
				D2094B2B2B9FE9BB00508230 /* DiaryDataDelegate.swift */,
				D2094B342BA14A6600508230 /* NotificationName.swift */,
			);
			path = AppEvents;
			sourceTree = "<group>";
		};
		D2B878522BA29D5200AB71A0 /* PushNotification */ = {
			isa = PBXGroup;
			children = (
				6B3C4CCE2B8EE80700C53005 /* NotificationVC.swift */,
				D2B878572BA2B01400AB71A0 /* DateCell.swift */,
				D2B878532BA29DCB00AB71A0 /* NotificationCell.swift */,
				D2B878592BA2BF3F00AB71A0 /* TimePickerCell.swift */,
				D2B8785B2BA2BF4A00AB71A0 /* DayPickerCell.swift */,
			);
			path = PushNotification;
			sourceTree = "<group>";
		};
/* End PBXGroup section */

/* Begin PBXNativeTarget section */
		6BABC3642B85D107009267B3 /* EveryDiary */ = {
			isa = PBXNativeTarget;
			buildConfigurationList = 6BABC3792B85D109009267B3 /* Build configuration list for PBXNativeTarget "EveryDiary" */;
			buildPhases = (
				D2F0EF322BAAAD28008736F1 /* Sources */,
				6BABC3622B85D107009267B3 /* Frameworks */,
				6BABC3632B85D107009267B3 /* Resources */,
			);
			buildRules = (
			);
			dependencies = (
			);
			name = EveryDiary;
			packageProductDependencies = (
				6BABC37D2B85D142009267B3 /* SnapKit */,
				6BB3CE452B8619D0005BC3E1 /* FirebaseFirestore */,
				6BB3CE472B8619D5005BC3E1 /* FirebaseFirestoreSwift */,
				6B95C0552B8D74BD00DBB175 /* FirebaseAuth */,
				6B95C05A2B8DA79900DBB175 /* GoogleSignIn */,
				6B95C05C2B8DA79900DBB175 /* GoogleSignInSwift */,
				1A03BDA12B92F910008C13DC /* FirebaseStorage */,
				D2F0EEFD2BA9F7FE008736F1 /* Lottie */,
			);
			productName = EveryDiary;
			productReference = 6BABC3652B85D107009267B3 /* EveryDiary.app */;
			productType = "com.apple.product-type.application";
		};
/* End PBXNativeTarget section */

/* Begin PBXProject section */
		6BABC35D2B85D107009267B3 /* Project object */ = {
			isa = PBXProject;
			attributes = {
				BuildIndependentTargetsInParallel = 1;
				LastSwiftUpdateCheck = 1520;
				LastUpgradeCheck = 1520;
				TargetAttributes = {
					6BABC3642B85D107009267B3 = {
						CreatedOnToolsVersion = 15.2;
					};
				};
			};
			buildConfigurationList = 6BABC3602B85D107009267B3 /* Build configuration list for PBXProject "EveryDiary" */;
			compatibilityVersion = "Xcode 14.0";
			developmentRegion = en;
			hasScannedForEncodings = 0;
			knownRegions = (
				en,
				Base,
			);
			mainGroup = 6BABC35C2B85D107009267B3;
			packageReferences = (
				6BABC37C2B85D142009267B3 /* XCRemoteSwiftPackageReference "SnapKit" */,
				6BB3CE052B85DD74005BC3E1 /* XCRemoteSwiftPackageReference "firebase-ios-sdk" */,
				6B95C0592B8DA79900DBB175 /* XCRemoteSwiftPackageReference "GoogleSignIn-iOS" */,
				D2F0EEFC2BA9F7FD008736F1 /* XCRemoteSwiftPackageReference "lottie-ios" */,
			);
			productRefGroup = 6BABC3662B85D107009267B3 /* Products */;
			projectDirPath = "";
			projectRoot = "";
			targets = (
				6BABC3642B85D107009267B3 /* EveryDiary */,
			);
		};
/* End PBXProject section */

/* Begin PBXResourcesBuildPhase section */
		6BABC3632B85D107009267B3 /* Resources */ = {
			isa = PBXResourcesBuildPhase;
			buildActionMask = 2147483647;
			files = (
				6B95C0512B8C7A5A00DBB175 /* SFProRounded-Regular.otf in Resources */,
				D2F0EF6E2BAAD909008736F1 /* calendar.json in Resources */,
				1AF880D32B8DB5A2004076EB /* Api.plist in Resources */,
				6BABC3752B85D109009267B3 /* LaunchScreen.storyboard in Resources */,
				6B95C0382B8C7A3B00DBB175 /* SFProDisplay-Bold.otf in Resources */,
				6BABC3722B85D109009267B3 /* Assets.xcassets in Resources */,
				6B95C03E2B8C7A3B00DBB175 /* SFProRounded-Bold.otf in Resources */,
				6B95C04C2B8C7A5A00DBB175 /* SFProDisplay-Regular.otf in Resources */,
				3F7831602BAB0B3D00354211 /* calendar.json in Resources */,
			);
			runOnlyForDeploymentPostprocessing = 0;
		};
/* End PBXResourcesBuildPhase section */

/* Begin PBXSourcesBuildPhase section */
		D2F0EF322BAAAD28008736F1 /* Sources */ = {
			isa = PBXSourcesBuildPhase;
			buildActionMask = 2147483647;
			files = (
				D2F0EF332BAAAD51008736F1 /* DiaryDataDelegate.swift in Sources */,
				D2F0EF342BAAAD51008736F1 /* NotificationName.swift in Sources */,
				D2F0EF352BAAAD51008736F1 /* WeatherService.swift in Sources */,
				D2F0EF362BAAAD51008736F1 /* EveryDiary++Bundle.swift in Sources */,
				D2F0EF372BAAAD51008736F1 /* SetFaceID.swift in Sources */,
				D2F0EF382BAAAD51008736F1 /* FireStore.swift in Sources */,
				D2F0EF392BAAAD51008736F1 /* FirebaseStorageManager.swift in Sources */,
				D2F0EF3A2BAAAD51008736F1 /* PaginationManager.swift in Sources */,
				D2F0EF3B2BAAAD51008736F1 /* DataModel.swift in Sources */,
				D2F0EF3C2BAAAD51008736F1 /* WeatherModel.swift in Sources */,
				D2F0EF3D2BAAAD51008736F1 /* MotivationImageCache.swift in Sources */,
				D2F0EF3E2BAAAD51008736F1 /* MotivationVC.swift in Sources */,
				D2F0EF3F2BAAAD51008736F1 /* BuildingView.swift in Sources */,
				D2F0EF402BAAAD51008736F1 /* HonorVC.swift in Sources */,
				D2F0EF422BAAAD51008736F1 /* DiaryListVC.swift in Sources */,
				D2F0EF432BAAAD51008736F1 /* HeaderView.swift in Sources */,
				D2F0EF442BAAAD51008736F1 /* JournalCollectionViewCell.swift in Sources */,
				D2F0EF452BAAAD51008736F1 /* ImageCacheManager.swift in Sources */,
				D2F0EF462BAAAD51008736F1 /* TrashVC.swift in Sources */,
				D2F0EF472BAAAD51008736F1 /* TrashCollectionViewCell.swift in Sources */,
				D2F0EF482BAAAD51008736F1 /* CalendarVC.swift in Sources */,
				D2F0EF492BAAAD51008736F1 /* CalendarListVC.swift in Sources */,
				D2F0EF4A2BAAAD51008736F1 /* DailyListCell.swift in Sources */,
				D2F0EF4B2BAAAD51008736F1 /* WriteDiaryVC.swift in Sources */,
				D2F0EF4C2BAAAD51008736F1 /* KeyboardManager.swift in Sources */,
				D2F0EF4D2BAAAD51008736F1 /* ImagePickerManager.swift in Sources */,
				D2F0EF4E2BAAAD51008736F1 /* MapManager.swift in Sources */,
				D2F0EF4F2BAAAD51008736F1 /* CarouselFlowLayout.swift in Sources */,
				D2F0EF502BAAAD51008736F1 /* ImageCollectionViewCell.swift in Sources */,
				D2F0EF512BAAAD51008736F1 /* MapCollectionViewCell.swift in Sources */,
				D2F0EF522BAAAD51008736F1 /* ImageZoomViewController.swift in Sources */,
				D2F0EF532BAAAD51008736F1 /* ImageZoomCollectionViewController.swift in Sources */,
				D2F0EF542BAAAD51008736F1 /* ImageZoomCollectionViewCell.swift in Sources */,
				D2F0EF552BAAAD51008736F1 /* DateConditionSelectVC.swift in Sources */,
				D2F0EF562BAAAD51008736F1 /* DateSelectVC.swift in Sources */,
				D2F0EF572BAAAD51008736F1 /* SettingVC.swift in Sources */,
				D2F0EF582BAAAD51008736F1 /* SignOutCell.swift in Sources */,
				D2F0EF592BAAAD51008736F1 /* ProfileCell.swift in Sources */,
				D2F0EF5A2BAAAD51008736F1 /* SettingCell.swift in Sources */,
				D2F0EF5B2BAAAD51008736F1 /* LoginVC.swift in Sources */,
				D2F0EF5C2BAAAD51008736F1 /* NotificationVC.swift in Sources */,
				D2F0EF5D2BAAAD51008736F1 /* DateCell.swift in Sources */,
				D2F0EF5E2BAAAD51008736F1 /* NotificationCell.swift in Sources */,
				D2F0EF5F2BAAAD51008736F1 /* TimePickerCell.swift in Sources */,
				D2F0EF602BAAAD51008736F1 /* DayPickerCell.swift in Sources */,
				D2F0EF612BAAAD51008736F1 /* LockVC.swift in Sources */,
				D2F0EF622BAAAD51008736F1 /* LaunchViewController.swift in Sources */,
				D2F0EF632BAAAD51008736F1 /* AppDelegate.swift in Sources */,
				D2F0EF642BAAAD51008736F1 /* StartVC.swift in Sources */,
				D2F0EF652BAAAD51008736F1 /* SceneDelegate.swift in Sources */,
				D2F0EF662BAAAD51008736F1 /* TabBarController.swift in Sources */,
			);
			runOnlyForDeploymentPostprocessing = 0;
		};
/* End PBXSourcesBuildPhase section */

/* Begin PBXVariantGroup section */
		6BABC3732B85D109009267B3 /* LaunchScreen.storyboard */ = {
			isa = PBXVariantGroup;
			children = (
				6BABC3742B85D109009267B3 /* Base */,
			);
			name = LaunchScreen.storyboard;
			sourceTree = "<group>";
		};
/* End PBXVariantGroup section */

/* Begin XCBuildConfiguration section */
		6BABC3772B85D109009267B3 /* Debug */ = {
			isa = XCBuildConfiguration;
			buildSettings = {
				ALWAYS_SEARCH_USER_PATHS = NO;
				ASSETCATALOG_COMPILER_GENERATE_SWIFT_ASSET_SYMBOL_EXTENSIONS = YES;
				CLANG_ANALYZER_NONNULL = YES;
				CLANG_ANALYZER_NUMBER_OBJECT_CONVERSION = YES_AGGRESSIVE;
				CLANG_CXX_LANGUAGE_STANDARD = "gnu++20";
				CLANG_ENABLE_MODULES = YES;
				CLANG_ENABLE_OBJC_ARC = YES;
				CLANG_ENABLE_OBJC_WEAK = YES;
				CLANG_WARN_BLOCK_CAPTURE_AUTORELEASING = YES;
				CLANG_WARN_BOOL_CONVERSION = YES;
				CLANG_WARN_COMMA = YES;
				CLANG_WARN_CONSTANT_CONVERSION = YES;
				CLANG_WARN_DEPRECATED_OBJC_IMPLEMENTATIONS = YES;
				CLANG_WARN_DIRECT_OBJC_ISA_USAGE = YES_ERROR;
				CLANG_WARN_DOCUMENTATION_COMMENTS = YES;
				CLANG_WARN_EMPTY_BODY = YES;
				CLANG_WARN_ENUM_CONVERSION = YES;
				CLANG_WARN_INFINITE_RECURSION = YES;
				CLANG_WARN_INT_CONVERSION = YES;
				CLANG_WARN_NON_LITERAL_NULL_CONVERSION = YES;
				CLANG_WARN_OBJC_IMPLICIT_RETAIN_SELF = YES;
				CLANG_WARN_OBJC_LITERAL_CONVERSION = YES;
				CLANG_WARN_OBJC_ROOT_CLASS = YES_ERROR;
				CLANG_WARN_QUOTED_INCLUDE_IN_FRAMEWORK_HEADER = YES;
				CLANG_WARN_RANGE_LOOP_ANALYSIS = YES;
				CLANG_WARN_STRICT_PROTOTYPES = YES;
				CLANG_WARN_SUSPICIOUS_MOVE = YES;
				CLANG_WARN_UNGUARDED_AVAILABILITY = YES_AGGRESSIVE;
				CLANG_WARN_UNREACHABLE_CODE = YES;
				CLANG_WARN__DUPLICATE_METHOD_MATCH = YES;
				COPY_PHASE_STRIP = NO;
				DEBUG_INFORMATION_FORMAT = dwarf;
				ENABLE_STRICT_OBJC_MSGSEND = YES;
				ENABLE_TESTABILITY = YES;
				ENABLE_USER_SCRIPT_SANDBOXING = YES;
				GCC_C_LANGUAGE_STANDARD = gnu17;
				GCC_DYNAMIC_NO_PIC = NO;
				GCC_NO_COMMON_BLOCKS = YES;
				GCC_OPTIMIZATION_LEVEL = 0;
				GCC_PREPROCESSOR_DEFINITIONS = (
					"DEBUG=1",
					"$(inherited)",
				);
				GCC_WARN_64_TO_32_BIT_CONVERSION = YES;
				GCC_WARN_ABOUT_RETURN_TYPE = YES_ERROR;
				GCC_WARN_UNDECLARED_SELECTOR = YES;
				GCC_WARN_UNINITIALIZED_AUTOS = YES_AGGRESSIVE;
				GCC_WARN_UNUSED_FUNCTION = YES;
				GCC_WARN_UNUSED_VARIABLE = YES;
				IPHONEOS_DEPLOYMENT_TARGET = 17.2;
				LOCALIZATION_PREFERS_STRING_CATALOGS = YES;
				MTL_ENABLE_DEBUG_INFO = INCLUDE_SOURCE;
				MTL_FAST_MATH = YES;
				ONLY_ACTIVE_ARCH = YES;
				SDKROOT = iphoneos;
				SWIFT_ACTIVE_COMPILATION_CONDITIONS = "DEBUG $(inherited)";
				SWIFT_OPTIMIZATION_LEVEL = "-Onone";
			};
			name = Debug;
		};
		6BABC3782B85D109009267B3 /* Release */ = {
			isa = XCBuildConfiguration;
			buildSettings = {
				ALWAYS_SEARCH_USER_PATHS = NO;
				ASSETCATALOG_COMPILER_GENERATE_SWIFT_ASSET_SYMBOL_EXTENSIONS = YES;
				CLANG_ANALYZER_NONNULL = YES;
				CLANG_ANALYZER_NUMBER_OBJECT_CONVERSION = YES_AGGRESSIVE;
				CLANG_CXX_LANGUAGE_STANDARD = "gnu++20";
				CLANG_ENABLE_MODULES = YES;
				CLANG_ENABLE_OBJC_ARC = YES;
				CLANG_ENABLE_OBJC_WEAK = YES;
				CLANG_WARN_BLOCK_CAPTURE_AUTORELEASING = YES;
				CLANG_WARN_BOOL_CONVERSION = YES;
				CLANG_WARN_COMMA = YES;
				CLANG_WARN_CONSTANT_CONVERSION = YES;
				CLANG_WARN_DEPRECATED_OBJC_IMPLEMENTATIONS = YES;
				CLANG_WARN_DIRECT_OBJC_ISA_USAGE = YES_ERROR;
				CLANG_WARN_DOCUMENTATION_COMMENTS = YES;
				CLANG_WARN_EMPTY_BODY = YES;
				CLANG_WARN_ENUM_CONVERSION = YES;
				CLANG_WARN_INFINITE_RECURSION = YES;
				CLANG_WARN_INT_CONVERSION = YES;
				CLANG_WARN_NON_LITERAL_NULL_CONVERSION = YES;
				CLANG_WARN_OBJC_IMPLICIT_RETAIN_SELF = YES;
				CLANG_WARN_OBJC_LITERAL_CONVERSION = YES;
				CLANG_WARN_OBJC_ROOT_CLASS = YES_ERROR;
				CLANG_WARN_QUOTED_INCLUDE_IN_FRAMEWORK_HEADER = YES;
				CLANG_WARN_RANGE_LOOP_ANALYSIS = YES;
				CLANG_WARN_STRICT_PROTOTYPES = YES;
				CLANG_WARN_SUSPICIOUS_MOVE = YES;
				CLANG_WARN_UNGUARDED_AVAILABILITY = YES_AGGRESSIVE;
				CLANG_WARN_UNREACHABLE_CODE = YES;
				CLANG_WARN__DUPLICATE_METHOD_MATCH = YES;
				COPY_PHASE_STRIP = NO;
				DEBUG_INFORMATION_FORMAT = "dwarf-with-dsym";
				ENABLE_NS_ASSERTIONS = NO;
				ENABLE_STRICT_OBJC_MSGSEND = YES;
				ENABLE_USER_SCRIPT_SANDBOXING = YES;
				GCC_C_LANGUAGE_STANDARD = gnu17;
				GCC_NO_COMMON_BLOCKS = YES;
				GCC_WARN_64_TO_32_BIT_CONVERSION = YES;
				GCC_WARN_ABOUT_RETURN_TYPE = YES_ERROR;
				GCC_WARN_UNDECLARED_SELECTOR = YES;
				GCC_WARN_UNINITIALIZED_AUTOS = YES_AGGRESSIVE;
				GCC_WARN_UNUSED_FUNCTION = YES;
				GCC_WARN_UNUSED_VARIABLE = YES;
				IPHONEOS_DEPLOYMENT_TARGET = 17.2;
				LOCALIZATION_PREFERS_STRING_CATALOGS = YES;
				MTL_ENABLE_DEBUG_INFO = NO;
				MTL_FAST_MATH = YES;
				SDKROOT = iphoneos;
				SWIFT_COMPILATION_MODE = wholemodule;
				VALIDATE_PRODUCT = YES;
			};
			name = Release;
		};
		6BABC37A2B85D109009267B3 /* Debug */ = {
			isa = XCBuildConfiguration;
			buildSettings = {
				ASSETCATALOG_COMPILER_APPICON_NAME = AppIcon;
				ASSETCATALOG_COMPILER_GLOBAL_ACCENT_COLOR_NAME = AccentColor;
				CODE_SIGN_ENTITLEMENTS = EveryDiary/EveryDiary.entitlements;
				CODE_SIGN_IDENTITY = "Apple Development";
				"CODE_SIGN_IDENTITY[sdk=iphoneos*]" = "iPhone Developer";
				CODE_SIGN_STYLE = Manual;
				CURRENT_PROJECT_VERSION = 1;
				DEVELOPMENT_TEAM = "";
				"DEVELOPMENT_TEAM[sdk=iphoneos*]" = UP9KCDW7ZZ;
				GENERATE_INFOPLIST_FILE = YES;
				INFOPLIST_FILE = EveryDiary/Info.plist;
				INFOPLIST_KEY_CFBundleDisplayName = EveryDiary;
				INFOPLIST_KEY_LSApplicationCategoryType = "public.app-category.lifestyle";
				INFOPLIST_KEY_NSFaceIDUsageDescription = "일기를 안전하게 관리하기 위해 생체 인증 권한을 허용해 주세요.";
				INFOPLIST_KEY_NSLocationWhenInUseUsageDescription = "일기의 날씨 정보를 설정하기 위해 위치 정보에 동의해주세요.";
				INFOPLIST_KEY_NSPhotoLibraryUsageDescription = "사진앨범에 접근하도록 허용버튼을 눌러주세요";
				INFOPLIST_KEY_UIApplicationSupportsIndirectInputEvents = YES;
				INFOPLIST_KEY_UILaunchStoryboardName = LaunchScreen.storyboard;
				INFOPLIST_KEY_UISupportedInterfaceOrientations = UIInterfaceOrientationPortrait;
				INFOPLIST_KEY_UISupportedInterfaceOrientations_iPad = "UIInterfaceOrientationPortrait UIInterfaceOrientationPortraitUpsideDown UIInterfaceOrientationLandscapeLeft UIInterfaceOrientationLandscapeRight";
				IPHONEOS_DEPLOYMENT_TARGET = 17.0;
				LD_RUNPATH_SEARCH_PATHS = (
					"$(inherited)",
					"@executable_path/Frameworks",
				);
				MARKETING_VERSION = 1.0;
				PRODUCT_BUNDLE_IDENTIFIER = com.HexaDiary.EveryDiary;
				PRODUCT_NAME = "$(TARGET_NAME)";
				PROVISIONING_PROFILE_SPECIFIER = "";
				"PROVISIONING_PROFILE_SPECIFIER[sdk=iphoneos*]" = eunsung;
				SUPPORTED_PLATFORMS = "iphoneos iphonesimulator";
				SUPPORTS_MACCATALYST = NO;
				SUPPORTS_MAC_DESIGNED_FOR_IPHONE_IPAD = NO;
				SUPPORTS_XR_DESIGNED_FOR_IPHONE_IPAD = NO;
				SWIFT_EMIT_LOC_STRINGS = YES;
				SWIFT_VERSION = 5.0;
				TARGETED_DEVICE_FAMILY = 1;
			};
			name = Debug;
		};
		6BABC37B2B85D109009267B3 /* Release */ = {
			isa = XCBuildConfiguration;
			buildSettings = {
				ASSETCATALOG_COMPILER_APPICON_NAME = AppIcon;
				ASSETCATALOG_COMPILER_GLOBAL_ACCENT_COLOR_NAME = AccentColor;
				CODE_SIGN_ENTITLEMENTS = EveryDiary/EveryDiary.entitlements;
				CODE_SIGN_IDENTITY = "Apple Development";
				"CODE_SIGN_IDENTITY[sdk=iphoneos*]" = "iPhone Developer";
				CODE_SIGN_STYLE = Manual;
				CURRENT_PROJECT_VERSION = 1;
				DEVELOPMENT_TEAM = "";
				"DEVELOPMENT_TEAM[sdk=iphoneos*]" = UP9KCDW7ZZ;
				GENERATE_INFOPLIST_FILE = YES;
				INFOPLIST_FILE = EveryDiary/Info.plist;
				INFOPLIST_KEY_CFBundleDisplayName = EveryDiary;
				INFOPLIST_KEY_LSApplicationCategoryType = "public.app-category.lifestyle";
				INFOPLIST_KEY_NSFaceIDUsageDescription = "일기를 안전하게 관리하기 위해 생체 인증 권한을 허용해 주세요.";
				INFOPLIST_KEY_NSLocationWhenInUseUsageDescription = "일기의 날씨 정보를 설정하기 위해 위치 정보에 동의해주세요.";
				INFOPLIST_KEY_NSPhotoLibraryUsageDescription = "사진앨범에 접근하도록 허용버튼을 눌러주세요";
				INFOPLIST_KEY_UIApplicationSupportsIndirectInputEvents = YES;
				INFOPLIST_KEY_UILaunchStoryboardName = LaunchScreen.storyboard;
				INFOPLIST_KEY_UISupportedInterfaceOrientations = UIInterfaceOrientationPortrait;
				INFOPLIST_KEY_UISupportedInterfaceOrientations_iPad = "UIInterfaceOrientationPortrait UIInterfaceOrientationPortraitUpsideDown UIInterfaceOrientationLandscapeLeft UIInterfaceOrientationLandscapeRight";
				IPHONEOS_DEPLOYMENT_TARGET = 17.0;
				LD_RUNPATH_SEARCH_PATHS = (
					"$(inherited)",
					"@executable_path/Frameworks",
				);
				MARKETING_VERSION = 1.0;
				PRODUCT_BUNDLE_IDENTIFIER = com.HexaDiary.EveryDiary;
				PRODUCT_NAME = "$(TARGET_NAME)";
				PROVISIONING_PROFILE_SPECIFIER = "";
				"PROVISIONING_PROFILE_SPECIFIER[sdk=iphoneos*]" = eunsung;
				SUPPORTED_PLATFORMS = "iphoneos iphonesimulator";
				SUPPORTS_MACCATALYST = NO;
				SUPPORTS_MAC_DESIGNED_FOR_IPHONE_IPAD = NO;
				SUPPORTS_XR_DESIGNED_FOR_IPHONE_IPAD = NO;
				SWIFT_EMIT_LOC_STRINGS = YES;
				SWIFT_VERSION = 5.0;
				TARGETED_DEVICE_FAMILY = 1;
			};
			name = Release;
		};
/* End XCBuildConfiguration section */

/* Begin XCConfigurationList section */
		6BABC3602B85D107009267B3 /* Build configuration list for PBXProject "EveryDiary" */ = {
			isa = XCConfigurationList;
			buildConfigurations = (
				6BABC3772B85D109009267B3 /* Debug */,
				6BABC3782B85D109009267B3 /* Release */,
			);
			defaultConfigurationIsVisible = 0;
			defaultConfigurationName = Release;
		};
		6BABC3792B85D109009267B3 /* Build configuration list for PBXNativeTarget "EveryDiary" */ = {
			isa = XCConfigurationList;
			buildConfigurations = (
				6BABC37A2B85D109009267B3 /* Debug */,
				6BABC37B2B85D109009267B3 /* Release */,
			);
			defaultConfigurationIsVisible = 0;
			defaultConfigurationName = Release;
		};
/* End XCConfigurationList section */

/* Begin XCRemoteSwiftPackageReference section */
		6B95C0592B8DA79900DBB175 /* XCRemoteSwiftPackageReference "GoogleSignIn-iOS" */ = {
			isa = XCRemoteSwiftPackageReference;
			repositoryURL = "https://github.com/google/GoogleSignIn-iOS";
			requirement = {
				kind = upToNextMajorVersion;
				minimumVersion = 7.0.0;
			};
		};
		6BABC37C2B85D142009267B3 /* XCRemoteSwiftPackageReference "SnapKit" */ = {
			isa = XCRemoteSwiftPackageReference;
			repositoryURL = "https://github.com/SnapKit/SnapKit.git";
			requirement = {
				kind = upToNextMajorVersion;
				minimumVersion = 5.7.1;
			};
		};
		6BB3CE052B85DD74005BC3E1 /* XCRemoteSwiftPackageReference "firebase-ios-sdk" */ = {
			isa = XCRemoteSwiftPackageReference;
			repositoryURL = "https://github.com/firebase/firebase-ios-sdk";
			requirement = {
				kind = upToNextMajorVersion;
				minimumVersion = 10.21.0;
			};
		};
		D2F0EEFC2BA9F7FD008736F1 /* XCRemoteSwiftPackageReference "lottie-ios" */ = {
			isa = XCRemoteSwiftPackageReference;
			repositoryURL = "https://github.com/airbnb/lottie-ios";
			requirement = {
				kind = upToNextMajorVersion;
				minimumVersion = 4.4.1;
			};
		};
/* End XCRemoteSwiftPackageReference section */

/* Begin XCSwiftPackageProductDependency section */
		1A03BDA12B92F910008C13DC /* FirebaseStorage */ = {
			isa = XCSwiftPackageProductDependency;
			package = 6BB3CE052B85DD74005BC3E1 /* XCRemoteSwiftPackageReference "firebase-ios-sdk" */;
			productName = FirebaseStorage;
		};
		6B95C0552B8D74BD00DBB175 /* FirebaseAuth */ = {
			isa = XCSwiftPackageProductDependency;
			package = 6BB3CE052B85DD74005BC3E1 /* XCRemoteSwiftPackageReference "firebase-ios-sdk" */;
			productName = FirebaseAuth;
		};
		6B95C05A2B8DA79900DBB175 /* GoogleSignIn */ = {
			isa = XCSwiftPackageProductDependency;
			package = 6B95C0592B8DA79900DBB175 /* XCRemoteSwiftPackageReference "GoogleSignIn-iOS" */;
			productName = GoogleSignIn;
		};
		6B95C05C2B8DA79900DBB175 /* GoogleSignInSwift */ = {
			isa = XCSwiftPackageProductDependency;
			package = 6B95C0592B8DA79900DBB175 /* XCRemoteSwiftPackageReference "GoogleSignIn-iOS" */;
			productName = GoogleSignInSwift;
		};
		6BABC37D2B85D142009267B3 /* SnapKit */ = {
			isa = XCSwiftPackageProductDependency;
			package = 6BABC37C2B85D142009267B3 /* XCRemoteSwiftPackageReference "SnapKit" */;
			productName = SnapKit;
		};
		6BB3CE452B8619D0005BC3E1 /* FirebaseFirestore */ = {
			isa = XCSwiftPackageProductDependency;
			package = 6BB3CE052B85DD74005BC3E1 /* XCRemoteSwiftPackageReference "firebase-ios-sdk" */;
			productName = FirebaseFirestore;
		};
		6BB3CE472B8619D5005BC3E1 /* FirebaseFirestoreSwift */ = {
			isa = XCSwiftPackageProductDependency;
			package = 6BB3CE052B85DD74005BC3E1 /* XCRemoteSwiftPackageReference "firebase-ios-sdk" */;
			productName = FirebaseFirestoreSwift;
		};
		D2F0EEFD2BA9F7FE008736F1 /* Lottie */ = {
			isa = XCSwiftPackageProductDependency;
			package = D2F0EEFC2BA9F7FD008736F1 /* XCRemoteSwiftPackageReference "lottie-ios" */;
			productName = Lottie;
		};
/* End XCSwiftPackageProductDependency section */
	};
	rootObject = 6BABC35D2B85D107009267B3 /* Project object */;
}
