// !$*UTF8*$!
{
	archiveVersion = 1;
	classes = {
	};
	objectVersion = 56;
	objects = {

/* Begin PBXBuildFile section */
		1A03BDA22B92F910008C13DC /* FirebaseStorage in Frameworks */ = {isa = PBXBuildFile; productRef = 1A03BDA12B92F910008C13DC /* FirebaseStorage */; };
		1A03BDA42B92FA7D008C13DC /* FirebaseStorageManager.swift in Sources */ = {isa = PBXBuildFile; fileRef = 1A03BDA32B92FA7D008C13DC /* FirebaseStorageManager.swift */; };
		1A2BA69E2B90185E0019D1D5 /* LaunchViewController.swift in Sources */ = {isa = PBXBuildFile; fileRef = 1A2BA69D2B90185E0019D1D5 /* LaunchViewController.swift */; };
		1ACE53B62B9AC0C800D29758 /* NotificationCenter.swift in Sources */ = {isa = PBXBuildFile; fileRef = 1ACE53B52B9AC0C800D29758 /* NotificationCenter.swift */; };
		1AF880D32B8DB5A2004076EB /* Api.plist in Resources */ = {isa = PBXBuildFile; fileRef = 1AF880D22B8DB5A2004076EB /* Api.plist */; };
		1AF880D52B8DB715004076EB /* WeatherModel.swift in Sources */ = {isa = PBXBuildFile; fileRef = 1AF880D42B8DB715004076EB /* WeatherModel.swift */; };
		1AF880D82B8DC135004076EB /* WeatherService.swift in Sources */ = {isa = PBXBuildFile; fileRef = 1AF880D72B8DC135004076EB /* WeatherService.swift */; };
		1AF880E22B8EC021004076EB /* EveryDiary++Bundle.swift in Sources */ = {isa = PBXBuildFile; fileRef = 1AF880E12B8EC021004076EB /* EveryDiary++Bundle.swift */; };
		1AF880E42B8F182B004076EB /* SetFaceID.swift in Sources */ = {isa = PBXBuildFile; fileRef = 1AF880E32B8F182B004076EB /* SetFaceID.swift */; };
		3F0BD0072BA1A034000DD35B /* ImageZoomViewController.swift in Sources */ = {isa = PBXBuildFile; fileRef = 3F0BD0062BA1A034000DD35B /* ImageZoomViewController.swift */; };
		3F0FEFE92B8D8881001539AE /* JournalCollectionViewCell.swift in Sources */ = {isa = PBXBuildFile; fileRef = 3F0FEFE82B8D8881001539AE /* JournalCollectionViewCell.swift */; };
		3F0FEFEB2B8D88B9001539AE /* HeaderView.swift in Sources */ = {isa = PBXBuildFile; fileRef = 3F0FEFEA2B8D88B9001539AE /* HeaderView.swift */; };
		3F0FEFED2B8DFDB2001539AE /* DateSelectVC.swift in Sources */ = {isa = PBXBuildFile; fileRef = 3F0FEFEC2B8DFDB1001539AE /* DateSelectVC.swift */; };
		3F0FEFFA2B8F2819001539AE /* DateConditionSelectVC.swift in Sources */ = {isa = PBXBuildFile; fileRef = 3F0FEFF92B8F2819001539AE /* DateConditionSelectVC.swift */; };
		3F3DE3042B9EFC0900BC2038 /* ImageCacheManager.swift in Sources */ = {isa = PBXBuildFile; fileRef = 3F3DE3032B9EFC0900BC2038 /* ImageCacheManager.swift */; };
		3F3DE30F2BA1451600BC2038 /* TrashVC.swift in Sources */ = {isa = PBXBuildFile; fileRef = 3F3DE30E2BA1451600BC2038 /* TrashVC.swift */; };
		3F3DE3112BA1461200BC2038 /* TrashCollectionViewCell.swift in Sources */ = {isa = PBXBuildFile; fileRef = 3F3DE3102BA1461200BC2038 /* TrashCollectionViewCell.swift */; };
		3F3DE3152BA17C6000BC2038 /* GoogleService-Info.plist in Resources */ = {isa = PBXBuildFile; fileRef = 3F3DE3142BA17C6000BC2038 /* GoogleService-Info.plist */; };
		6B3C4CCA2B8ECF3F00C53005 /* LoginVC.swift in Sources */ = {isa = PBXBuildFile; fileRef = 6B3C4CC92B8ECF3F00C53005 /* LoginVC.swift */; };
		6B3C4CCD2B8EDACD00C53005 /* SettingCell.swift in Sources */ = {isa = PBXBuildFile; fileRef = 6B3C4CCC2B8EDACD00C53005 /* SettingCell.swift */; };
		6B3C4CCF2B8EE80700C53005 /* NotificationVC.swift in Sources */ = {isa = PBXBuildFile; fileRef = 6B3C4CCE2B8EE80700C53005 /* NotificationVC.swift */; };
		6B3C4CD12B8EE81300C53005 /* LockVC.swift in Sources */ = {isa = PBXBuildFile; fileRef = 6B3C4CD02B8EE81300C53005 /* LockVC.swift */; };
		6B42613D2B8C579F00F12CE3 /* BuildingView.swift in Sources */ = {isa = PBXBuildFile; fileRef = 6B42613C2B8C579F00F12CE3 /* BuildingView.swift */; };
		6B95C0382B8C7A3B00DBB175 /* SFProDisplay-Bold.otf in Resources */ = {isa = PBXBuildFile; fileRef = 6B95C02F2B8C7A3B00DBB175 /* SFProDisplay-Bold.otf */; };
		6B95C03E2B8C7A3B00DBB175 /* SFProRounded-Bold.otf in Resources */ = {isa = PBXBuildFile; fileRef = 6B95C0352B8C7A3B00DBB175 /* SFProRounded-Bold.otf */; };
		6B95C04C2B8C7A5A00DBB175 /* SFProDisplay-Regular.otf in Resources */ = {isa = PBXBuildFile; fileRef = 6B95C0412B8C7A5900DBB175 /* SFProDisplay-Regular.otf */; };
		6B95C0512B8C7A5A00DBB175 /* SFProRounded-Regular.otf in Resources */ = {isa = PBXBuildFile; fileRef = 6B95C0462B8C7A5A00DBB175 /* SFProRounded-Regular.otf */; };
		6B95C0562B8D74BD00DBB175 /* FirebaseAuth in Frameworks */ = {isa = PBXBuildFile; productRef = 6B95C0552B8D74BD00DBB175 /* FirebaseAuth */; };
		6B95C05B2B8DA79900DBB175 /* GoogleSignIn in Frameworks */ = {isa = PBXBuildFile; productRef = 6B95C05A2B8DA79900DBB175 /* GoogleSignIn */; };
		6B95C05D2B8DA79900DBB175 /* GoogleSignInSwift in Frameworks */ = {isa = PBXBuildFile; productRef = 6B95C05C2B8DA79900DBB175 /* GoogleSignInSwift */; };
		6BA011592B8852B400A26CE0 /* CalendarVC.swift in Sources */ = {isa = PBXBuildFile; fileRef = 6BA011582B8852B400A26CE0 /* CalendarVC.swift */; };
		6BA0115B2B886A9100A26CE0 /* HonorVC.swift in Sources */ = {isa = PBXBuildFile; fileRef = 6BA0115A2B886A9100A26CE0 /* HonorVC.swift */; };
		6BA0115F2B8878F600A26CE0 /* DataModel.swift in Sources */ = {isa = PBXBuildFile; fileRef = 6BA0115E2B8878F600A26CE0 /* DataModel.swift */; };
		6BA011612B88790800A26CE0 /* FireStore.swift in Sources */ = {isa = PBXBuildFile; fileRef = 6BA011602B88790800A26CE0 /* FireStore.swift */; };
		6BABC3692B85D107009267B3 /* AppDelegate.swift in Sources */ = {isa = PBXBuildFile; fileRef = 6BABC3682B85D107009267B3 /* AppDelegate.swift */; };
		6BABC36B2B85D107009267B3 /* SceneDelegate.swift in Sources */ = {isa = PBXBuildFile; fileRef = 6BABC36A2B85D107009267B3 /* SceneDelegate.swift */; };
		6BABC3722B85D109009267B3 /* Assets.xcassets in Resources */ = {isa = PBXBuildFile; fileRef = 6BABC3712B85D109009267B3 /* Assets.xcassets */; };
		6BABC3752B85D109009267B3 /* LaunchScreen.storyboard in Resources */ = {isa = PBXBuildFile; fileRef = 6BABC3732B85D109009267B3 /* LaunchScreen.storyboard */; };
		6BABC37E2B85D142009267B3 /* SnapKit in Frameworks */ = {isa = PBXBuildFile; productRef = 6BABC37D2B85D142009267B3 /* SnapKit */; };
		6BABC3832B85D235009267B3 /* Lottie in Frameworks */ = {isa = PBXBuildFile; productRef = 6BABC3822B85D235009267B3 /* Lottie */; };
		6BB3CE352B85EFB1005BC3E1 /* TabBarController.swift in Sources */ = {isa = PBXBuildFile; fileRef = 6BB3CE342B85EFB1005BC3E1 /* TabBarController.swift */; };
		6BB3CE3C2B85F606005BC3E1 /* WriteDiaryVC.swift in Sources */ = {isa = PBXBuildFile; fileRef = 6BB3CE3B2B85F606005BC3E1 /* WriteDiaryVC.swift */; };
		6BB3CE3E2B85F66E005BC3E1 /* SettingVC.swift in Sources */ = {isa = PBXBuildFile; fileRef = 6BB3CE3D2B85F66E005BC3E1 /* SettingVC.swift */; };
		6BB3CE422B85F6A0005BC3E1 /* MotivationVC.swift in Sources */ = {isa = PBXBuildFile; fileRef = 6BB3CE412B85F6A0005BC3E1 /* MotivationVC.swift */; };
		6BB3CE442B85F6B1005BC3E1 /* DiaryListVC.swift in Sources */ = {isa = PBXBuildFile; fileRef = 6BB3CE432B85F6B1005BC3E1 /* DiaryListVC.swift */; };
		6BB3CE462B8619D0005BC3E1 /* FirebaseFirestore in Frameworks */ = {isa = PBXBuildFile; productRef = 6BB3CE452B8619D0005BC3E1 /* FirebaseFirestore */; };
		6BB3CE482B8619D5005BC3E1 /* FirebaseFirestoreSwift in Frameworks */ = {isa = PBXBuildFile; productRef = 6BB3CE472B8619D5005BC3E1 /* FirebaseFirestoreSwift */; };
		6BE7C99F2BA07D2700374A2A /* MotivationImageCache.swift in Sources */ = {isa = PBXBuildFile; fileRef = 6BE7C99E2BA07D2700374A2A /* MotivationImageCache.swift */; };
		D2094B2C2B9FE9BB00508230 /* DiaryDataDelegate.swift in Sources */ = {isa = PBXBuildFile; fileRef = D2094B2B2B9FE9BB00508230 /* DiaryDataDelegate.swift */; };
		D2094B352BA14A6600508230 /* NotificationName.swift in Sources */ = {isa = PBXBuildFile; fileRef = D2094B342BA14A6600508230 /* NotificationName.swift */; };
		D26829F02B99A16F00A1F0E5 /* DailyListCell.swift in Sources */ = {isa = PBXBuildFile; fileRef = D26829EF2B99A16F00A1F0E5 /* DailyListCell.swift */; };
		D26E2F9D2B9023400083FEAC /* ProfileCell.swift in Sources */ = {isa = PBXBuildFile; fileRef = D26E2F9C2B9023400083FEAC /* ProfileCell.swift */; };
		D26E2F9F2B90239A0083FEAC /* SignOutCell.swift in Sources */ = {isa = PBXBuildFile; fileRef = D26E2F9E2B90239A0083FEAC /* SignOutCell.swift */; };
		D26E2FA12B90522D0083FEAC /* CalendarListVC.swift in Sources */ = {isa = PBXBuildFile; fileRef = D26E2FA02B90522D0083FEAC /* CalendarListVC.swift */; };
/* End PBXBuildFile section */

/* Begin PBXCopyFilesBuildPhase section */
		3F0FEFFE2B90AA59001539AE /* Embed Frameworks */ = {
			isa = PBXCopyFilesBuildPhase;
			buildActionMask = 2147483647;
			dstPath = "";
			dstSubfolderSpec = 10;
			files = (
			);
			name = "Embed Frameworks";
			runOnlyForDeploymentPostprocessing = 0;
		};
/* End PBXCopyFilesBuildPhase section */

/* Begin PBXFileReference section */
		1A03BDA32B92FA7D008C13DC /* FirebaseStorageManager.swift */ = {isa = PBXFileReference; lastKnownFileType = sourcecode.swift; path = FirebaseStorageManager.swift; sourceTree = "<group>"; };
		1A2BA69D2B90185E0019D1D5 /* LaunchViewController.swift */ = {isa = PBXFileReference; lastKnownFileType = sourcecode.swift; path = LaunchViewController.swift; sourceTree = "<group>"; };
		1ACE53B52B9AC0C800D29758 /* NotificationCenter.swift */ = {isa = PBXFileReference; lastKnownFileType = sourcecode.swift; path = NotificationCenter.swift; sourceTree = "<group>"; };
		1AF880D22B8DB5A2004076EB /* Api.plist */ = {isa = PBXFileReference; lastKnownFileType = text.plist.xml; path = Api.plist; sourceTree = "<group>"; };
		1AF880D42B8DB715004076EB /* WeatherModel.swift */ = {isa = PBXFileReference; lastKnownFileType = sourcecode.swift; path = WeatherModel.swift; sourceTree = "<group>"; };
		1AF880D72B8DC135004076EB /* WeatherService.swift */ = {isa = PBXFileReference; lastKnownFileType = sourcecode.swift; path = WeatherService.swift; sourceTree = "<group>"; };
		1AF880E12B8EC021004076EB /* EveryDiary++Bundle.swift */ = {isa = PBXFileReference; lastKnownFileType = sourcecode.swift; path = "EveryDiary++Bundle.swift"; sourceTree = "<group>"; };
		1AF880E32B8F182B004076EB /* SetFaceID.swift */ = {isa = PBXFileReference; lastKnownFileType = sourcecode.swift; path = SetFaceID.swift; sourceTree = "<group>"; };
		3F0BD0062BA1A034000DD35B /* ImageZoomViewController.swift */ = {isa = PBXFileReference; lastKnownFileType = sourcecode.swift; path = ImageZoomViewController.swift; sourceTree = "<group>"; };
		3F0FEFE82B8D8881001539AE /* JournalCollectionViewCell.swift */ = {isa = PBXFileReference; lastKnownFileType = sourcecode.swift; path = JournalCollectionViewCell.swift; sourceTree = "<group>"; };
		3F0FEFEA2B8D88B9001539AE /* HeaderView.swift */ = {isa = PBXFileReference; lastKnownFileType = sourcecode.swift; path = HeaderView.swift; sourceTree = "<group>"; };
		3F0FEFEC2B8DFDB1001539AE /* DateSelectVC.swift */ = {isa = PBXFileReference; lastKnownFileType = sourcecode.swift; path = DateSelectVC.swift; sourceTree = "<group>"; };
		3F0FEFF92B8F2819001539AE /* DateConditionSelectVC.swift */ = {isa = PBXFileReference; lastKnownFileType = sourcecode.swift; path = DateConditionSelectVC.swift; sourceTree = "<group>"; };
		3F3DE3032B9EFC0900BC2038 /* ImageCacheManager.swift */ = {isa = PBXFileReference; lastKnownFileType = sourcecode.swift; path = ImageCacheManager.swift; sourceTree = "<group>"; };
		3F3DE30E2BA1451600BC2038 /* TrashVC.swift */ = {isa = PBXFileReference; lastKnownFileType = sourcecode.swift; path = TrashVC.swift; sourceTree = "<group>"; };
		3F3DE3102BA1461200BC2038 /* TrashCollectionViewCell.swift */ = {isa = PBXFileReference; lastKnownFileType = sourcecode.swift; path = TrashCollectionViewCell.swift; sourceTree = "<group>"; };
		3F3DE3142BA17C6000BC2038 /* GoogleService-Info.plist */ = {isa = PBXFileReference; fileEncoding = 4; lastKnownFileType = text.plist.xml; path = "GoogleService-Info.plist"; sourceTree = "<group>"; };
		6B3C4CC92B8ECF3F00C53005 /* LoginVC.swift */ = {isa = PBXFileReference; lastKnownFileType = sourcecode.swift; path = LoginVC.swift; sourceTree = "<group>"; };
		6B3C4CCC2B8EDACD00C53005 /* SettingCell.swift */ = {isa = PBXFileReference; lastKnownFileType = sourcecode.swift; path = SettingCell.swift; sourceTree = "<group>"; };
		6B3C4CCE2B8EE80700C53005 /* NotificationVC.swift */ = {isa = PBXFileReference; lastKnownFileType = sourcecode.swift; path = NotificationVC.swift; sourceTree = "<group>"; };
		6B3C4CD02B8EE81300C53005 /* LockVC.swift */ = {isa = PBXFileReference; lastKnownFileType = sourcecode.swift; path = LockVC.swift; sourceTree = "<group>"; };
		6B42613C2B8C579F00F12CE3 /* BuildingView.swift */ = {isa = PBXFileReference; lastKnownFileType = sourcecode.swift; path = BuildingView.swift; sourceTree = "<group>"; };
		6B95C02F2B8C7A3B00DBB175 /* SFProDisplay-Bold.otf */ = {isa = PBXFileReference; lastKnownFileType = file; path = "SFProDisplay-Bold.otf"; sourceTree = "<group>"; };
		6B95C0352B8C7A3B00DBB175 /* SFProRounded-Bold.otf */ = {isa = PBXFileReference; lastKnownFileType = file; path = "SFProRounded-Bold.otf"; sourceTree = "<group>"; };
		6B95C0412B8C7A5900DBB175 /* SFProDisplay-Regular.otf */ = {isa = PBXFileReference; lastKnownFileType = file; path = "SFProDisplay-Regular.otf"; sourceTree = "<group>"; };
		6B95C0462B8C7A5A00DBB175 /* SFProRounded-Regular.otf */ = {isa = PBXFileReference; lastKnownFileType = file; path = "SFProRounded-Regular.otf"; sourceTree = "<group>"; };
		6BA011582B8852B400A26CE0 /* CalendarVC.swift */ = {isa = PBXFileReference; lastKnownFileType = sourcecode.swift; path = CalendarVC.swift; sourceTree = "<group>"; };
		6BA0115A2B886A9100A26CE0 /* HonorVC.swift */ = {isa = PBXFileReference; lastKnownFileType = sourcecode.swift; path = HonorVC.swift; sourceTree = "<group>"; };
		6BA0115E2B8878F600A26CE0 /* DataModel.swift */ = {isa = PBXFileReference; lastKnownFileType = sourcecode.swift; path = DataModel.swift; sourceTree = "<group>"; };
		6BA011602B88790800A26CE0 /* FireStore.swift */ = {isa = PBXFileReference; lastKnownFileType = sourcecode.swift; path = FireStore.swift; sourceTree = "<group>"; };
		6BABC3652B85D107009267B3 /* EveryDiary.app */ = {isa = PBXFileReference; explicitFileType = wrapper.application; includeInIndex = 0; path = EveryDiary.app; sourceTree = BUILT_PRODUCTS_DIR; };
		6BABC3682B85D107009267B3 /* AppDelegate.swift */ = {isa = PBXFileReference; lastKnownFileType = sourcecode.swift; path = AppDelegate.swift; sourceTree = "<group>"; };
		6BABC36A2B85D107009267B3 /* SceneDelegate.swift */ = {isa = PBXFileReference; lastKnownFileType = sourcecode.swift; path = SceneDelegate.swift; sourceTree = "<group>"; };
		6BABC3712B85D109009267B3 /* Assets.xcassets */ = {isa = PBXFileReference; lastKnownFileType = folder.assetcatalog; path = Assets.xcassets; sourceTree = "<group>"; };
		6BABC3742B85D109009267B3 /* Base */ = {isa = PBXFileReference; lastKnownFileType = file.storyboard; name = Base; path = Base.lproj/LaunchScreen.storyboard; sourceTree = "<group>"; };
		6BABC3762B85D109009267B3 /* Info.plist */ = {isa = PBXFileReference; lastKnownFileType = text.plist.xml; path = Info.plist; sourceTree = "<group>"; };
		6BB3CE342B85EFB1005BC3E1 /* TabBarController.swift */ = {isa = PBXFileReference; lastKnownFileType = sourcecode.swift; path = TabBarController.swift; sourceTree = "<group>"; };
		6BB3CE3B2B85F606005BC3E1 /* WriteDiaryVC.swift */ = {isa = PBXFileReference; lastKnownFileType = sourcecode.swift; path = WriteDiaryVC.swift; sourceTree = "<group>"; };
		6BB3CE3D2B85F66E005BC3E1 /* SettingVC.swift */ = {isa = PBXFileReference; lastKnownFileType = sourcecode.swift; path = SettingVC.swift; sourceTree = "<group>"; };
		6BB3CE412B85F6A0005BC3E1 /* MotivationVC.swift */ = {isa = PBXFileReference; lastKnownFileType = sourcecode.swift; path = MotivationVC.swift; sourceTree = "<group>"; };
		6BB3CE432B85F6B1005BC3E1 /* DiaryListVC.swift */ = {isa = PBXFileReference; lastKnownFileType = sourcecode.swift; path = DiaryListVC.swift; sourceTree = "<group>"; };
		6BE7C99E2BA07D2700374A2A /* MotivationImageCache.swift */ = {isa = PBXFileReference; lastKnownFileType = sourcecode.swift; path = MotivationImageCache.swift; sourceTree = "<group>"; };
		D2094B2B2B9FE9BB00508230 /* DiaryDataDelegate.swift */ = {isa = PBXFileReference; lastKnownFileType = sourcecode.swift; path = DiaryDataDelegate.swift; sourceTree = "<group>"; };
		D2094B342BA14A6600508230 /* NotificationName.swift */ = {isa = PBXFileReference; lastKnownFileType = sourcecode.swift; path = NotificationName.swift; sourceTree = "<group>"; };
		D26829EF2B99A16F00A1F0E5 /* DailyListCell.swift */ = {isa = PBXFileReference; lastKnownFileType = sourcecode.swift; path = DailyListCell.swift; sourceTree = "<group>"; };
		D26E2F9B2B8F87DC0083FEAC /* EveryDiary.entitlements */ = {isa = PBXFileReference; lastKnownFileType = text.plist.entitlements; path = EveryDiary.entitlements; sourceTree = "<group>"; };
		D26E2F9C2B9023400083FEAC /* ProfileCell.swift */ = {isa = PBXFileReference; lastKnownFileType = sourcecode.swift; path = ProfileCell.swift; sourceTree = "<group>"; };
		D26E2F9E2B90239A0083FEAC /* SignOutCell.swift */ = {isa = PBXFileReference; lastKnownFileType = sourcecode.swift; path = SignOutCell.swift; sourceTree = "<group>"; };
		D26E2FA02B90522D0083FEAC /* CalendarListVC.swift */ = {isa = PBXFileReference; lastKnownFileType = sourcecode.swift; path = CalendarListVC.swift; sourceTree = "<group>"; };
		D26E2FA72B9072BF0083FEAC /* CryptoKit.framework */ = {isa = PBXFileReference; lastKnownFileType = wrapper.framework; name = CryptoKit.framework; path = System/Library/Frameworks/CryptoKit.framework; sourceTree = SDKROOT; };
/* End PBXFileReference section */

/* Begin PBXFrameworksBuildPhase section */
		6BABC3622B85D107009267B3 /* Frameworks */ = {
			isa = PBXFrameworksBuildPhase;
			buildActionMask = 2147483647;
			files = (
				6BB3CE482B8619D5005BC3E1 /* FirebaseFirestoreSwift in Frameworks */,
				6B95C0562B8D74BD00DBB175 /* FirebaseAuth in Frameworks */,
				6BABC37E2B85D142009267B3 /* SnapKit in Frameworks */,
				6B95C05D2B8DA79900DBB175 /* GoogleSignInSwift in Frameworks */,
				6BB3CE462B8619D0005BC3E1 /* FirebaseFirestore in Frameworks */,
				1A03BDA22B92F910008C13DC /* FirebaseStorage in Frameworks */,
				6BABC3832B85D235009267B3 /* Lottie in Frameworks */,
				6B95C05B2B8DA79900DBB175 /* GoogleSignIn in Frameworks */,
			);
			runOnlyForDeploymentPostprocessing = 0;
		};
/* End PBXFrameworksBuildPhase section */

/* Begin PBXGroup section */
		1AF880D62B8DC125004076EB /* Service */ = {
			isa = PBXGroup;
			children = (
				1AF880D72B8DC135004076EB /* WeatherService.swift */,
				1AF880E12B8EC021004076EB /* EveryDiary++Bundle.swift */,
				1AF880E32B8F182B004076EB /* SetFaceID.swift */,
			);
			path = Service;
			sourceTree = "<group>";
		};
		6B95BF822B8C78DD00DBB175 /* Font */ = {
			isa = PBXGroup;
			children = (
				6B95C0412B8C7A5900DBB175 /* SFProDisplay-Regular.otf */,
				6B95C0462B8C7A5A00DBB175 /* SFProRounded-Regular.otf */,
				6B95C02F2B8C7A3B00DBB175 /* SFProDisplay-Bold.otf */,
				6B95C0352B8C7A3B00DBB175 /* SFProRounded-Bold.otf */,
			);
			path = Font;
			sourceTree = "<group>";
		};
		6BA011572B88527F00A26CE0 /* Calendar */ = {
			isa = PBXGroup;
			children = (
				6BA011582B8852B400A26CE0 /* CalendarVC.swift */,
				D26E2FA02B90522D0083FEAC /* CalendarListVC.swift */,
				D26829EF2B99A16F00A1F0E5 /* DailyListCell.swift */,
			);
			path = Calendar;
			sourceTree = "<group>";
		};
		6BA0115C2B8877DD00A26CE0 /* Model */ = {
			isa = PBXGroup;
			children = (
				6BA0115E2B8878F600A26CE0 /* DataModel.swift */,
				1AF880D42B8DB715004076EB /* WeatherModel.swift */,
			);
			path = Model;
			sourceTree = "<group>";
		};
		6BA0115D2B8877EE00A26CE0 /* RemoteDB */ = {
			isa = PBXGroup;
			children = (
				6BA011602B88790800A26CE0 /* FireStore.swift */,
				1A03BDA32B92FA7D008C13DC /* FirebaseStorageManager.swift */,
			);
			path = RemoteDB;
			sourceTree = "<group>";
		};
		6BABC35C2B85D107009267B3 = {
			isa = PBXGroup;
			children = (
				6BABC3672B85D107009267B3 /* EveryDiary */,
				6BABC3662B85D107009267B3 /* Products */,
				6BABC3C92B85D805009267B3 /* Frameworks */,
			);
			sourceTree = "<group>";
		};
		6BABC3662B85D107009267B3 /* Products */ = {
			isa = PBXGroup;
			children = (
				6BABC3652B85D107009267B3 /* EveryDiary.app */,
			);
			name = Products;
			sourceTree = "<group>";
		};
		6BABC3672B85D107009267B3 /* EveryDiary */ = {
			isa = PBXGroup;
			children = (
				D26E2F9B2B8F87DC0083FEAC /* EveryDiary.entitlements */,
				D2094B332BA14A2A00508230 /* AppEvents */,
				1AF880D62B8DC125004076EB /* Service */,
				6B95BF822B8C78DD00DBB175 /* Font */,
				6BA0115D2B8877EE00A26CE0 /* RemoteDB */,
				6BA0115C2B8877DD00A26CE0 /* Model */,
				6BB3CE372B85F07C005BC3E1 /* Motivation */,
				6BB3CE362B85F070005BC3E1 /* DiaryList */,
				6BA011572B88527F00A26CE0 /* Calendar */,
				6BB3CE3A2B85F087005BC3E1 /* WriteDiary */,
				6BB3CE392B85F081005BC3E1 /* Setting */,
				1ACE53B52B9AC0C800D29758 /* NotificationCenter.swift */,
				1A2BA69D2B90185E0019D1D5 /* LaunchViewController.swift */,
				6BABC3682B85D107009267B3 /* AppDelegate.swift */,
				6BABC36A2B85D107009267B3 /* SceneDelegate.swift */,
				6BB3CE342B85EFB1005BC3E1 /* TabBarController.swift */,
				6BABC3732B85D109009267B3 /* LaunchScreen.storyboard */,
				6BABC3712B85D109009267B3 /* Assets.xcassets */,
				3F3DE3142BA17C6000BC2038 /* GoogleService-Info.plist */,
				1AF880D22B8DB5A2004076EB /* Api.plist */,
				6BABC3762B85D109009267B3 /* Info.plist */,
			);
			path = EveryDiary;
			sourceTree = "<group>";
		};
		6BABC3C92B85D805009267B3 /* Frameworks */ = {
			isa = PBXGroup;
			children = (
				D26E2FA72B9072BF0083FEAC /* CryptoKit.framework */,
			);
			name = Frameworks;
			sourceTree = "<group>";
		};
		6BB3CE362B85F070005BC3E1 /* DiaryList */ = {
			isa = PBXGroup;
			children = (
				6BB3CE432B85F6B1005BC3E1 /* DiaryListVC.swift */,
				3F0FEFEA2B8D88B9001539AE /* HeaderView.swift */,
				3F0FEFE82B8D8881001539AE /* JournalCollectionViewCell.swift */,
				3F3DE3032B9EFC0900BC2038 /* ImageCacheManager.swift */,
				3F3DE30E2BA1451600BC2038 /* TrashVC.swift */,
				3F3DE3102BA1461200BC2038 /* TrashCollectionViewCell.swift */,
			);
			path = DiaryList;
			sourceTree = "<group>";
		};
		6BB3CE372B85F07C005BC3E1 /* Motivation */ = {
			isa = PBXGroup;
			children = (
				6BE7C99E2BA07D2700374A2A /* MotivationImageCache.swift */,
				6BB3CE412B85F6A0005BC3E1 /* MotivationVC.swift */,
				6B42613C2B8C579F00F12CE3 /* BuildingView.swift */,
				6BA0115A2B886A9100A26CE0 /* HonorVC.swift */,
			);
			path = Motivation;
			sourceTree = "<group>";
		};
		6BB3CE392B85F081005BC3E1 /* Setting */ = {
			isa = PBXGroup;
			children = (
				6BB3CE3D2B85F66E005BC3E1 /* SettingVC.swift */,
				D26E2F9E2B90239A0083FEAC /* SignOutCell.swift */,
				D26E2F9C2B9023400083FEAC /* ProfileCell.swift */,
				6B3C4CCC2B8EDACD00C53005 /* SettingCell.swift */,
				6B3C4CC92B8ECF3F00C53005 /* LoginVC.swift */,
				6B3C4CCE2B8EE80700C53005 /* NotificationVC.swift */,
				6B3C4CD02B8EE81300C53005 /* LockVC.swift */,
			);
			path = Setting;
			sourceTree = "<group>";
		};
		6BB3CE3A2B85F087005BC3E1 /* WriteDiary */ = {
			isa = PBXGroup;
			children = (
				6BB3CE3B2B85F606005BC3E1 /* WriteDiaryVC.swift */,
				3F0BD0062BA1A034000DD35B /* ImageZoomViewController.swift */,
				3F0FEFF92B8F2819001539AE /* DateConditionSelectVC.swift */,
				3F0FEFEC2B8DFDB1001539AE /* DateSelectVC.swift */,
			);
			path = WriteDiary;
			sourceTree = "<group>";
		};
		D2094B332BA14A2A00508230 /* AppEvents */ = {
			isa = PBXGroup;
			children = (
				D2094B2B2B9FE9BB00508230 /* DiaryDataDelegate.swift */,
				D2094B342BA14A6600508230 /* NotificationName.swift */,
			);
			path = AppEvents;
			sourceTree = "<group>";
		};
/* End PBXGroup section */

/* Begin PBXNativeTarget section */
		6BABC3642B85D107009267B3 /* EveryDiary */ = {
			isa = PBXNativeTarget;
			buildConfigurationList = 6BABC3792B85D109009267B3 /* Build configuration list for PBXNativeTarget "EveryDiary" */;
			buildPhases = (
				6BABC3612B85D107009267B3 /* Sources */,
				6BABC3622B85D107009267B3 /* Frameworks */,
				6BABC3632B85D107009267B3 /* Resources */,
				3F0FEFFE2B90AA59001539AE /* Embed Frameworks */,
			);
			buildRules = (
			);
			dependencies = (
			);
			name = EveryDiary;
			packageProductDependencies = (
				6BABC37D2B85D142009267B3 /* SnapKit */,
				6BABC3822B85D235009267B3 /* Lottie */,
				6BB3CE452B8619D0005BC3E1 /* FirebaseFirestore */,
				6BB3CE472B8619D5005BC3E1 /* FirebaseFirestoreSwift */,
				6B95C0552B8D74BD00DBB175 /* FirebaseAuth */,
				6B95C05A2B8DA79900DBB175 /* GoogleSignIn */,
				6B95C05C2B8DA79900DBB175 /* GoogleSignInSwift */,
				1A03BDA12B92F910008C13DC /* FirebaseStorage */,
			);
			productName = EveryDiary;
			productReference = 6BABC3652B85D107009267B3 /* EveryDiary.app */;
			productType = "com.apple.product-type.application";
		};
/* End PBXNativeTarget section */

/* Begin PBXProject section */
		6BABC35D2B85D107009267B3 /* Project object */ = {
			isa = PBXProject;
			attributes = {
				BuildIndependentTargetsInParallel = 1;
				LastSwiftUpdateCheck = 1520;
				LastUpgradeCheck = 1520;
				TargetAttributes = {
					6BABC3642B85D107009267B3 = {
						CreatedOnToolsVersion = 15.2;
					};
				};
			};
			buildConfigurationList = 6BABC3602B85D107009267B3 /* Build configuration list for PBXProject "EveryDiary" */;
			compatibilityVersion = "Xcode 14.0";
			developmentRegion = en;
			hasScannedForEncodings = 0;
			knownRegions = (
				en,
				Base,
			);
			mainGroup = 6BABC35C2B85D107009267B3;
			packageReferences = (
				6BABC37C2B85D142009267B3 /* XCRemoteSwiftPackageReference "SnapKit" */,
				6BABC3812B85D235009267B3 /* XCRemoteSwiftPackageReference "lottie-spm" */,
				6BB3CE052B85DD74005BC3E1 /* XCRemoteSwiftPackageReference "firebase-ios-sdk" */,
				6B95C0592B8DA79900DBB175 /* XCRemoteSwiftPackageReference "GoogleSignIn-iOS" */,
			);
			productRefGroup = 6BABC3662B85D107009267B3 /* Products */;
			projectDirPath = "";
			projectRoot = "";
			targets = (
				6BABC3642B85D107009267B3 /* EveryDiary */,
			);
		};
/* End PBXProject section */

/* Begin PBXResourcesBuildPhase section */
		6BABC3632B85D107009267B3 /* Resources */ = {
			isa = PBXResourcesBuildPhase;
			buildActionMask = 2147483647;
			files = (
				6B95C0512B8C7A5A00DBB175 /* SFProRounded-Regular.otf in Resources */,
				3F3DE3152BA17C6000BC2038 /* GoogleService-Info.plist in Resources */,
				1AF880D32B8DB5A2004076EB /* Api.plist in Resources */,
				6BABC3752B85D109009267B3 /* LaunchScreen.storyboard in Resources */,
				6B95C0382B8C7A3B00DBB175 /* SFProDisplay-Bold.otf in Resources */,
				6BABC3722B85D109009267B3 /* Assets.xcassets in Resources */,
				6B95C03E2B8C7A3B00DBB175 /* SFProRounded-Bold.otf in Resources */,
				6B95C04C2B8C7A5A00DBB175 /* SFProDisplay-Regular.otf in Resources */,
			);
			runOnlyForDeploymentPostprocessing = 0;
		};
/* End PBXResourcesBuildPhase section */

/* Begin PBXSourcesBuildPhase section */
		6BABC3612B85D107009267B3 /* Sources */ = {
			isa = PBXSourcesBuildPhase;
			buildActionMask = 2147483647;
			files = (
				1AF880E42B8F182B004076EB /* SetFaceID.swift in Sources */,
				6BB3CE422B85F6A0005BC3E1 /* MotivationVC.swift in Sources */,
				6BE7C99F2BA07D2700374A2A /* MotivationImageCache.swift in Sources */,
				D2094B352BA14A6600508230 /* NotificationName.swift in Sources */,
				6BA011612B88790800A26CE0 /* FireStore.swift in Sources */,
				3F3DE3112BA1461200BC2038 /* TrashCollectionViewCell.swift in Sources */,
				6BA0115F2B8878F600A26CE0 /* DataModel.swift in Sources */,
				3F3DE3042B9EFC0900BC2038 /* ImageCacheManager.swift in Sources */,
				D2094B2C2B9FE9BB00508230 /* DiaryDataDelegate.swift in Sources */,
				6B3C4CCA2B8ECF3F00C53005 /* LoginVC.swift in Sources */,
				1AF880E22B8EC021004076EB /* EveryDiary++Bundle.swift in Sources */,
				6BB3CE3E2B85F66E005BC3E1 /* SettingVC.swift in Sources */,
				D26829F02B99A16F00A1F0E5 /* DailyListCell.swift in Sources */,
				1A2BA69E2B90185E0019D1D5 /* LaunchViewController.swift in Sources */,
				3F3DE30F2BA1451600BC2038 /* TrashVC.swift in Sources */,
				6BA0115B2B886A9100A26CE0 /* HonorVC.swift in Sources */,
				D26E2FA12B90522D0083FEAC /* CalendarListVC.swift in Sources */,
				1AF880D52B8DB715004076EB /* WeatherModel.swift in Sources */,
				3F0FEFFA2B8F2819001539AE /* DateConditionSelectVC.swift in Sources */,
				1AF880D82B8DC135004076EB /* WeatherService.swift in Sources */,
				6BABC3692B85D107009267B3 /* AppDelegate.swift in Sources */,
				3F0FEFE92B8D8881001539AE /* JournalCollectionViewCell.swift in Sources */,
				6BB3CE442B85F6B1005BC3E1 /* DiaryListVC.swift in Sources */,
				6BA011592B8852B400A26CE0 /* CalendarVC.swift in Sources */,
				6B3C4CCF2B8EE80700C53005 /* NotificationVC.swift in Sources */,
				6BABC36B2B85D107009267B3 /* SceneDelegate.swift in Sources */,
				3F0FEFED2B8DFDB2001539AE /* DateSelectVC.swift in Sources */,
				3F0BD0072BA1A034000DD35B /* ImageZoomViewController.swift in Sources */,
				6BB3CE3C2B85F606005BC3E1 /* WriteDiaryVC.swift in Sources */,
				1A03BDA42B92FA7D008C13DC /* FirebaseStorageManager.swift in Sources */,
				6B3C4CD12B8EE81300C53005 /* LockVC.swift in Sources */,
				6B42613D2B8C579F00F12CE3 /* BuildingView.swift in Sources */,
				6BB3CE352B85EFB1005BC3E1 /* TabBarController.swift in Sources */,
				D26E2F9F2B90239A0083FEAC /* SignOutCell.swift in Sources */,
				1ACE53B62B9AC0C800D29758 /* NotificationCenter.swift in Sources */,
				D26E2F9D2B9023400083FEAC /* ProfileCell.swift in Sources */,
				6B3C4CCD2B8EDACD00C53005 /* SettingCell.swift in Sources */,
				3F0FEFEB2B8D88B9001539AE /* HeaderView.swift in Sources */,
			);
			runOnlyForDeploymentPostprocessing = 0;
		};
/* End PBXSourcesBuildPhase section */

/* Begin PBXVariantGroup section */
		6BABC3732B85D109009267B3 /* LaunchScreen.storyboard */ = {
			isa = PBXVariantGroup;
			children = (
				6BABC3742B85D109009267B3 /* Base */,
			);
			name = LaunchScreen.storyboard;
			sourceTree = "<group>";
		};
/* End PBXVariantGroup section */

/* Begin XCBuildConfiguration section */
		6BABC3772B85D109009267B3 /* Debug */ = {
			isa = XCBuildConfiguration;
			buildSettings = {
				ALWAYS_SEARCH_USER_PATHS = NO;
				ASSETCATALOG_COMPILER_GENERATE_SWIFT_ASSET_SYMBOL_EXTENSIONS = YES;
				CLANG_ANALYZER_NONNULL = YES;
				CLANG_ANALYZER_NUMBER_OBJECT_CONVERSION = YES_AGGRESSIVE;
				CLANG_CXX_LANGUAGE_STANDARD = "gnu++20";
				CLANG_ENABLE_MODULES = YES;
				CLANG_ENABLE_OBJC_ARC = YES;
				CLANG_ENABLE_OBJC_WEAK = YES;
				CLANG_WARN_BLOCK_CAPTURE_AUTORELEASING = YES;
				CLANG_WARN_BOOL_CONVERSION = YES;
				CLANG_WARN_COMMA = YES;
				CLANG_WARN_CONSTANT_CONVERSION = YES;
				CLANG_WARN_DEPRECATED_OBJC_IMPLEMENTATIONS = YES;
				CLANG_WARN_DIRECT_OBJC_ISA_USAGE = YES_ERROR;
				CLANG_WARN_DOCUMENTATION_COMMENTS = YES;
				CLANG_WARN_EMPTY_BODY = YES;
				CLANG_WARN_ENUM_CONVERSION = YES;
				CLANG_WARN_INFINITE_RECURSION = YES;
				CLANG_WARN_INT_CONVERSION = YES;
				CLANG_WARN_NON_LITERAL_NULL_CONVERSION = YES;
				CLANG_WARN_OBJC_IMPLICIT_RETAIN_SELF = YES;
				CLANG_WARN_OBJC_LITERAL_CONVERSION = YES;
				CLANG_WARN_OBJC_ROOT_CLASS = YES_ERROR;
				CLANG_WARN_QUOTED_INCLUDE_IN_FRAMEWORK_HEADER = YES;
				CLANG_WARN_RANGE_LOOP_ANALYSIS = YES;
				CLANG_WARN_STRICT_PROTOTYPES = YES;
				CLANG_WARN_SUSPICIOUS_MOVE = YES;
				CLANG_WARN_UNGUARDED_AVAILABILITY = YES_AGGRESSIVE;
				CLANG_WARN_UNREACHABLE_CODE = YES;
				CLANG_WARN__DUPLICATE_METHOD_MATCH = YES;
				COPY_PHASE_STRIP = NO;
				DEBUG_INFORMATION_FORMAT = dwarf;
				ENABLE_STRICT_OBJC_MSGSEND = YES;
				ENABLE_TESTABILITY = YES;
				ENABLE_USER_SCRIPT_SANDBOXING = YES;
				GCC_C_LANGUAGE_STANDARD = gnu17;
				GCC_DYNAMIC_NO_PIC = NO;
				GCC_NO_COMMON_BLOCKS = YES;
				GCC_OPTIMIZATION_LEVEL = 0;
				GCC_PREPROCESSOR_DEFINITIONS = (
					"DEBUG=1",
					"$(inherited)",
				);
				GCC_WARN_64_TO_32_BIT_CONVERSION = YES;
				GCC_WARN_ABOUT_RETURN_TYPE = YES_ERROR;
				GCC_WARN_UNDECLARED_SELECTOR = YES;
				GCC_WARN_UNINITIALIZED_AUTOS = YES_AGGRESSIVE;
				GCC_WARN_UNUSED_FUNCTION = YES;
				GCC_WARN_UNUSED_VARIABLE = YES;
				IPHONEOS_DEPLOYMENT_TARGET = 17.2;
				LOCALIZATION_PREFERS_STRING_CATALOGS = YES;
				MTL_ENABLE_DEBUG_INFO = INCLUDE_SOURCE;
				MTL_FAST_MATH = YES;
				ONLY_ACTIVE_ARCH = YES;
				SDKROOT = iphoneos;
				SWIFT_ACTIVE_COMPILATION_CONDITIONS = "DEBUG $(inherited)";
				SWIFT_OPTIMIZATION_LEVEL = "-Onone";
			};
			name = Debug;
		};
		6BABC3782B85D109009267B3 /* Release */ = {
			isa = XCBuildConfiguration;
			buildSettings = {
				ALWAYS_SEARCH_USER_PATHS = NO;
				ASSETCATALOG_COMPILER_GENERATE_SWIFT_ASSET_SYMBOL_EXTENSIONS = YES;
				CLANG_ANALYZER_NONNULL = YES;
				CLANG_ANALYZER_NUMBER_OBJECT_CONVERSION = YES_AGGRESSIVE;
				CLANG_CXX_LANGUAGE_STANDARD = "gnu++20";
				CLANG_ENABLE_MODULES = YES;
				CLANG_ENABLE_OBJC_ARC = YES;
				CLANG_ENABLE_OBJC_WEAK = YES;
				CLANG_WARN_BLOCK_CAPTURE_AUTORELEASING = YES;
				CLANG_WARN_BOOL_CONVERSION = YES;
				CLANG_WARN_COMMA = YES;
				CLANG_WARN_CONSTANT_CONVERSION = YES;
				CLANG_WARN_DEPRECATED_OBJC_IMPLEMENTATIONS = YES;
				CLANG_WARN_DIRECT_OBJC_ISA_USAGE = YES_ERROR;
				CLANG_WARN_DOCUMENTATION_COMMENTS = YES;
				CLANG_WARN_EMPTY_BODY = YES;
				CLANG_WARN_ENUM_CONVERSION = YES;
				CLANG_WARN_INFINITE_RECURSION = YES;
				CLANG_WARN_INT_CONVERSION = YES;
				CLANG_WARN_NON_LITERAL_NULL_CONVERSION = YES;
				CLANG_WARN_OBJC_IMPLICIT_RETAIN_SELF = YES;
				CLANG_WARN_OBJC_LITERAL_CONVERSION = YES;
				CLANG_WARN_OBJC_ROOT_CLASS = YES_ERROR;
				CLANG_WARN_QUOTED_INCLUDE_IN_FRAMEWORK_HEADER = YES;
				CLANG_WARN_RANGE_LOOP_ANALYSIS = YES;
				CLANG_WARN_STRICT_PROTOTYPES = YES;
				CLANG_WARN_SUSPICIOUS_MOVE = YES;
				CLANG_WARN_UNGUARDED_AVAILABILITY = YES_AGGRESSIVE;
				CLANG_WARN_UNREACHABLE_CODE = YES;
				CLANG_WARN__DUPLICATE_METHOD_MATCH = YES;
				COPY_PHASE_STRIP = NO;
				DEBUG_INFORMATION_FORMAT = "dwarf-with-dsym";
				ENABLE_NS_ASSERTIONS = NO;
				ENABLE_STRICT_OBJC_MSGSEND = YES;
				ENABLE_USER_SCRIPT_SANDBOXING = YES;
				GCC_C_LANGUAGE_STANDARD = gnu17;
				GCC_NO_COMMON_BLOCKS = YES;
				GCC_WARN_64_TO_32_BIT_CONVERSION = YES;
				GCC_WARN_ABOUT_RETURN_TYPE = YES_ERROR;
				GCC_WARN_UNDECLARED_SELECTOR = YES;
				GCC_WARN_UNINITIALIZED_AUTOS = YES_AGGRESSIVE;
				GCC_WARN_UNUSED_FUNCTION = YES;
				GCC_WARN_UNUSED_VARIABLE = YES;
				IPHONEOS_DEPLOYMENT_TARGET = 17.2;
				LOCALIZATION_PREFERS_STRING_CATALOGS = YES;
				MTL_ENABLE_DEBUG_INFO = NO;
				MTL_FAST_MATH = YES;
				SDKROOT = iphoneos;
				SWIFT_COMPILATION_MODE = wholemodule;
				VALIDATE_PRODUCT = YES;
			};
			name = Release;
		};
		6BABC37A2B85D109009267B3 /* Debug */ = {
			isa = XCBuildConfiguration;
			buildSettings = {
				ASSETCATALOG_COMPILER_APPICON_NAME = AppIcon;
				ASSETCATALOG_COMPILER_GLOBAL_ACCENT_COLOR_NAME = AccentColor;
				CODE_SIGN_ENTITLEMENTS = EveryDiary/EveryDiary.entitlements;
				CODE_SIGN_IDENTITY = "Apple Development";
				"CODE_SIGN_IDENTITY[sdk=iphoneos*]" = "iPhone Developer";
				CODE_SIGN_STYLE = Manual;
				CURRENT_PROJECT_VERSION = 1;
				DEVELOPMENT_TEAM = "";
				"DEVELOPMENT_TEAM[sdk=iphoneos*]" = UP9KCDW7ZZ;
				GENERATE_INFOPLIST_FILE = YES;
				INFOPLIST_FILE = EveryDiary/Info.plist;
				INFOPLIST_KEY_NSFaceIDUsageDescription = "당신의 얼굴 인식하다";
				INFOPLIST_KEY_NSLocationWhenInUseUsageDescription = "위치정보에 동의하세요";
				INFOPLIST_KEY_UIApplicationSupportsIndirectInputEvents = YES;
				INFOPLIST_KEY_UILaunchStoryboardName = LaunchScreen;
				INFOPLIST_KEY_UISupportedInterfaceOrientations = UIInterfaceOrientationPortrait;
				INFOPLIST_KEY_UISupportedInterfaceOrientations_iPad = "UIInterfaceOrientationPortrait UIInterfaceOrientationPortraitUpsideDown UIInterfaceOrientationLandscapeLeft UIInterfaceOrientationLandscapeRight";
				IPHONEOS_DEPLOYMENT_TARGET = 17.0;
				LD_RUNPATH_SEARCH_PATHS = (
					"$(inherited)",
					"@executable_path/Frameworks",
				);
				MARKETING_VERSION = 1.0;
				PRODUCT_BUNDLE_IDENTIFIER = com.HexaDiary.EveryDiary;
				PRODUCT_NAME = "$(TARGET_NAME)";
				PROVISIONING_PROFILE_SPECIFIER = "";
				"PROVISIONING_PROFILE_SPECIFIER[sdk=iphoneos*]" = eunsung;
				SWIFT_EMIT_LOC_STRINGS = YES;
				SWIFT_VERSION = 5.0;
				TARGETED_DEVICE_FAMILY = "1,2";
			};
			name = Debug;
		};
		6BABC37B2B85D109009267B3 /* Release */ = {
			isa = XCBuildConfiguration;
			buildSettings = {
				ASSETCATALOG_COMPILER_APPICON_NAME = AppIcon;
				ASSETCATALOG_COMPILER_GLOBAL_ACCENT_COLOR_NAME = AccentColor;
				CODE_SIGN_ENTITLEMENTS = EveryDiary/EveryDiary.entitlements;
				CODE_SIGN_IDENTITY = "Apple Development";
				"CODE_SIGN_IDENTITY[sdk=iphoneos*]" = "iPhone Developer";
				CODE_SIGN_STYLE = Manual;
				CURRENT_PROJECT_VERSION = 1;
				DEVELOPMENT_TEAM = "";
				"DEVELOPMENT_TEAM[sdk=iphoneos*]" = UP9KCDW7ZZ;
				GENERATE_INFOPLIST_FILE = YES;
				INFOPLIST_FILE = EveryDiary/Info.plist;
				INFOPLIST_KEY_NSFaceIDUsageDescription = "당신의 얼굴 인식하다";
				INFOPLIST_KEY_NSLocationWhenInUseUsageDescription = "위치정보에 동의하세요";
				INFOPLIST_KEY_UIApplicationSupportsIndirectInputEvents = YES;
				INFOPLIST_KEY_UILaunchStoryboardName = LaunchScreen;
				INFOPLIST_KEY_UISupportedInterfaceOrientations = UIInterfaceOrientationPortrait;
				INFOPLIST_KEY_UISupportedInterfaceOrientations_iPad = "UIInterfaceOrientationLandscapeLeft UIInterfaceOrientationLandscapeRight UIInterfaceOrientationPortrait UIInterfaceOrientationPortraitUpsideDown";
				IPHONEOS_DEPLOYMENT_TARGET = 17.0;
				LD_RUNPATH_SEARCH_PATHS = (
					"$(inherited)",
					"@executable_path/Frameworks",
				);
				MARKETING_VERSION = 1.0;
				PRODUCT_BUNDLE_IDENTIFIER = com.HexaDiary.EveryDiary;
				PRODUCT_NAME = "$(TARGET_NAME)";
				PROVISIONING_PROFILE_SPECIFIER = "";
				"PROVISIONING_PROFILE_SPECIFIER[sdk=iphoneos*]" = eunsung;
				SWIFT_EMIT_LOC_STRINGS = YES;
				SWIFT_VERSION = 5.0;
				TARGETED_DEVICE_FAMILY = "1,2";
			};
			name = Release;
		};
/* End XCBuildConfiguration section */

/* Begin XCConfigurationList section */
		6BABC3602B85D107009267B3 /* Build configuration list for PBXProject "EveryDiary" */ = {
			isa = XCConfigurationList;
			buildConfigurations = (
				6BABC3772B85D109009267B3 /* Debug */,
				6BABC3782B85D109009267B3 /* Release */,
			);
			defaultConfigurationIsVisible = 0;
			defaultConfigurationName = Release;
		};
		6BABC3792B85D109009267B3 /* Build configuration list for PBXNativeTarget "EveryDiary" */ = {
			isa = XCConfigurationList;
			buildConfigurations = (
				6BABC37A2B85D109009267B3 /* Debug */,
				6BABC37B2B85D109009267B3 /* Release */,
			);
			defaultConfigurationIsVisible = 0;
			defaultConfigurationName = Release;
		};
/* End XCConfigurationList section */

/* Begin XCRemoteSwiftPackageReference section */
		6B95C0592B8DA79900DBB175 /* XCRemoteSwiftPackageReference "GoogleSignIn-iOS" */ = {
			isa = XCRemoteSwiftPackageReference;
			repositoryURL = "https://github.com/google/GoogleSignIn-iOS";
			requirement = {
				kind = upToNextMajorVersion;
				minimumVersion = 7.0.0;
			};
		};
		6BABC37C2B85D142009267B3 /* XCRemoteSwiftPackageReference "SnapKit" */ = {
			isa = XCRemoteSwiftPackageReference;
			repositoryURL = "https://github.com/SnapKit/SnapKit.git";
			requirement = {
				kind = upToNextMajorVersion;
				minimumVersion = 5.7.1;
			};
		};
		6BABC3812B85D235009267B3 /* XCRemoteSwiftPackageReference "lottie-spm" */ = {
			isa = XCRemoteSwiftPackageReference;
			repositoryURL = "https://github.com/airbnb/lottie-spm.git";
			requirement = {
				kind = upToNextMajorVersion;
				minimumVersion = 4.4.0;
			};
		};
		6BB3CE052B85DD74005BC3E1 /* XCRemoteSwiftPackageReference "firebase-ios-sdk" */ = {
			isa = XCRemoteSwiftPackageReference;
			repositoryURL = "https://github.com/firebase/firebase-ios-sdk";
			requirement = {
				kind = upToNextMajorVersion;
				minimumVersion = 10.21.0;
			};
		};
/* End XCRemoteSwiftPackageReference section */

/* Begin XCSwiftPackageProductDependency section */
		1A03BDA12B92F910008C13DC /* FirebaseStorage */ = {
			isa = XCSwiftPackageProductDependency;
			package = 6BB3CE052B85DD74005BC3E1 /* XCRemoteSwiftPackageReference "firebase-ios-sdk" */;
			productName = FirebaseStorage;
		};
		6B95C0552B8D74BD00DBB175 /* FirebaseAuth */ = {
			isa = XCSwiftPackageProductDependency;
			package = 6BB3CE052B85DD74005BC3E1 /* XCRemoteSwiftPackageReference "firebase-ios-sdk" */;
			productName = FirebaseAuth;
		};
		6B95C05A2B8DA79900DBB175 /* GoogleSignIn */ = {
			isa = XCSwiftPackageProductDependency;
			package = 6B95C0592B8DA79900DBB175 /* XCRemoteSwiftPackageReference "GoogleSignIn-iOS" */;
			productName = GoogleSignIn;
		};
		6B95C05C2B8DA79900DBB175 /* GoogleSignInSwift */ = {
			isa = XCSwiftPackageProductDependency;
			package = 6B95C0592B8DA79900DBB175 /* XCRemoteSwiftPackageReference "GoogleSignIn-iOS" */;
			productName = GoogleSignInSwift;
		};
		6BABC37D2B85D142009267B3 /* SnapKit */ = {
			isa = XCSwiftPackageProductDependency;
			package = 6BABC37C2B85D142009267B3 /* XCRemoteSwiftPackageReference "SnapKit" */;
			productName = SnapKit;
		};
		6BABC3822B85D235009267B3 /* Lottie */ = {
			isa = XCSwiftPackageProductDependency;
			package = 6BABC3812B85D235009267B3 /* XCRemoteSwiftPackageReference "lottie-spm" */;
			productName = Lottie;
		};
		6BB3CE452B8619D0005BC3E1 /* FirebaseFirestore */ = {
			isa = XCSwiftPackageProductDependency;
			package = 6BB3CE052B85DD74005BC3E1 /* XCRemoteSwiftPackageReference "firebase-ios-sdk" */;
			productName = FirebaseFirestore;
		};
		6BB3CE472B8619D5005BC3E1 /* FirebaseFirestoreSwift */ = {
			isa = XCSwiftPackageProductDependency;
			package = 6BB3CE052B85DD74005BC3E1 /* XCRemoteSwiftPackageReference "firebase-ios-sdk" */;
			productName = FirebaseFirestoreSwift;
		};
/* End XCSwiftPackageProductDependency section */
	};
	rootObject = 6BABC35D2B85D107009267B3 /* Project object */;
}
