// !$*UTF8*$!
{
	archiveVersion = 1;
	classes = {
	};
	objectVersion = 56;
	objects = {

/* Begin PBXBuildFile section */
		6BA011502B8633B500A26CE0 /* GoogleService-Info.plist in Resources */ = {isa = PBXBuildFile; fileRef = 6BA0114F2B8633B500A26CE0 /* GoogleService-Info.plist */; };
		6BABC3692B85D107009267B3 /* AppDelegate.swift in Sources */ = {isa = PBXBuildFile; fileRef = 6BABC3682B85D107009267B3 /* AppDelegate.swift */; };
		6BABC36B2B85D107009267B3 /* SceneDelegate.swift in Sources */ = {isa = PBXBuildFile; fileRef = 6BABC36A2B85D107009267B3 /* SceneDelegate.swift */; };
		6BABC36D2B85D107009267B3 /* ViewController.swift in Sources */ = {isa = PBXBuildFile; fileRef = 6BABC36C2B85D107009267B3 /* ViewController.swift */; };
		6BABC3722B85D109009267B3 /* Assets.xcassets in Resources */ = {isa = PBXBuildFile; fileRef = 6BABC3712B85D109009267B3 /* Assets.xcassets */; };
		6BABC3752B85D109009267B3 /* LaunchScreen.storyboard in Resources */ = {isa = PBXBuildFile; fileRef = 6BABC3732B85D109009267B3 /* LaunchScreen.storyboard */; };
		6BABC37E2B85D142009267B3 /* SnapKit in Frameworks */ = {isa = PBXBuildFile; productRef = 6BABC37D2B85D142009267B3 /* SnapKit */; };
		6BABC3802B85D142009267B3 /* SnapKit-Dynamic in Frameworks */ = {isa = PBXBuildFile; productRef = 6BABC37F2B85D142009267B3 /* SnapKit-Dynamic */; };
		6BABC3832B85D235009267B3 /* Lottie in Frameworks */ = {isa = PBXBuildFile; productRef = 6BABC3822B85D235009267B3 /* Lottie */; };
		6BB3CE352B85EFB1005BC3E1 /* TabBarController.swift in Sources */ = {isa = PBXBuildFile; fileRef = 6BB3CE342B85EFB1005BC3E1 /* TabBarController.swift */; };
		6BB3CE3C2B85F606005BC3E1 /* WriteDiaryVC.swift in Sources */ = {isa = PBXBuildFile; fileRef = 6BB3CE3B2B85F606005BC3E1 /* WriteDiaryVC.swift */; };
		6BB3CE3E2B85F66E005BC3E1 /* SettingVC.swift in Sources */ = {isa = PBXBuildFile; fileRef = 6BB3CE3D2B85F66E005BC3E1 /* SettingVC.swift */; };
		6BB3CE402B85F67E005BC3E1 /* MapVC.swift in Sources */ = {isa = PBXBuildFile; fileRef = 6BB3CE3F2B85F67E005BC3E1 /* MapVC.swift */; };
		6BB3CE422B85F6A0005BC3E1 /* MotivationVC.swift in Sources */ = {isa = PBXBuildFile; fileRef = 6BB3CE412B85F6A0005BC3E1 /* MotivationVC.swift */; };
		6BB3CE442B85F6B1005BC3E1 /* MainVC.swift in Sources */ = {isa = PBXBuildFile; fileRef = 6BB3CE432B85F6B1005BC3E1 /* MainVC.swift */; };
		6BB3CE462B8619D0005BC3E1 /* FirebaseFirestore in Frameworks */ = {isa = PBXBuildFile; productRef = 6BB3CE452B8619D0005BC3E1 /* FirebaseFirestore */; };
		6BB3CE482B8619D5005BC3E1 /* FirebaseFirestoreSwift in Frameworks */ = {isa = PBXBuildFile; productRef = 6BB3CE472B8619D5005BC3E1 /* FirebaseFirestoreSwift */; };
/* End PBXBuildFile section */

/* Begin PBXFileReference section */
		6BA0114F2B8633B500A26CE0 /* GoogleService-Info.plist */ = {isa = PBXFileReference; fileEncoding = 4; lastKnownFileType = text.plist.xml; name = "GoogleService-Info.plist"; path = "../../../../../Downloads/GoogleService-Info.plist"; sourceTree = "<group>"; };
		6BABC3652B85D107009267B3 /* EveryDiary.app */ = {isa = PBXFileReference; explicitFileType = wrapper.application; includeInIndex = 0; path = EveryDiary.app; sourceTree = BUILT_PRODUCTS_DIR; };
		6BABC3682B85D107009267B3 /* AppDelegate.swift */ = {isa = PBXFileReference; lastKnownFileType = sourcecode.swift; path = AppDelegate.swift; sourceTree = "<group>"; };
		6BABC36A2B85D107009267B3 /* SceneDelegate.swift */ = {isa = PBXFileReference; lastKnownFileType = sourcecode.swift; path = SceneDelegate.swift; sourceTree = "<group>"; };
		6BABC36C2B85D107009267B3 /* ViewController.swift */ = {isa = PBXFileReference; lastKnownFileType = sourcecode.swift; path = ViewController.swift; sourceTree = "<group>"; };
		6BABC3712B85D109009267B3 /* Assets.xcassets */ = {isa = PBXFileReference; lastKnownFileType = folder.assetcatalog; path = Assets.xcassets; sourceTree = "<group>"; };
		6BABC3742B85D109009267B3 /* Base */ = {isa = PBXFileReference; lastKnownFileType = file.storyboard; name = Base; path = Base.lproj/LaunchScreen.storyboard; sourceTree = "<group>"; };
		6BABC3762B85D109009267B3 /* Info.plist */ = {isa = PBXFileReference; lastKnownFileType = text.plist.xml; path = Info.plist; sourceTree = "<group>"; };
		6BB3CE342B85EFB1005BC3E1 /* TabBarController.swift */ = {isa = PBXFileReference; lastKnownFileType = sourcecode.swift; path = TabBarController.swift; sourceTree = "<group>"; };
		6BB3CE3B2B85F606005BC3E1 /* WriteDiaryVC.swift */ = {isa = PBXFileReference; lastKnownFileType = sourcecode.swift; path = WriteDiaryVC.swift; sourceTree = "<group>"; };
		6BB3CE3D2B85F66E005BC3E1 /* SettingVC.swift */ = {isa = PBXFileReference; lastKnownFileType = sourcecode.swift; path = SettingVC.swift; sourceTree = "<group>"; };
		6BB3CE3F2B85F67E005BC3E1 /* MapVC.swift */ = {isa = PBXFileReference; lastKnownFileType = sourcecode.swift; path = MapVC.swift; sourceTree = "<group>"; };
		6BB3CE412B85F6A0005BC3E1 /* MotivationVC.swift */ = {isa = PBXFileReference; lastKnownFileType = sourcecode.swift; path = MotivationVC.swift; sourceTree = "<group>"; };
		6BB3CE432B85F6B1005BC3E1 /* MainVC.swift */ = {isa = PBXFileReference; lastKnownFileType = sourcecode.swift; path = MainVC.swift; sourceTree = "<group>"; };
/* End PBXFileReference section */

/* Begin PBXFrameworksBuildPhase section */
		6BABC3622B85D107009267B3 /* Frameworks */ = {
			isa = PBXFrameworksBuildPhase;
			buildActionMask = 2147483647;
			files = (
				6BB3CE482B8619D5005BC3E1 /* FirebaseFirestoreSwift in Frameworks */,
				6BABC37E2B85D142009267B3 /* SnapKit in Frameworks */,
				6BB3CE462B8619D0005BC3E1 /* FirebaseFirestore in Frameworks */,
				6BABC3802B85D142009267B3 /* SnapKit-Dynamic in Frameworks */,
				6BABC3832B85D235009267B3 /* Lottie in Frameworks */,
			);
			runOnlyForDeploymentPostprocessing = 0;
		};
/* End PBXFrameworksBuildPhase section */

/* Begin PBXGroup section */
		6BABC35C2B85D107009267B3 = {
			isa = PBXGroup;
			children = (
				6BABC3672B85D107009267B3 /* EveryDiary */,
				6BABC3662B85D107009267B3 /* Products */,
				6BABC3C92B85D805009267B3 /* Frameworks */,
			);
			sourceTree = "<group>";
		};
		6BABC3662B85D107009267B3 /* Products */ = {
			isa = PBXGroup;
			children = (
				6BABC3652B85D107009267B3 /* EveryDiary.app */,
			);
			name = Products;
			sourceTree = "<group>";
		};
		6BABC3672B85D107009267B3 /* EveryDiary */ = {
			isa = PBXGroup;
			children = (
				6BB3CE3A2B85F087005BC3E1 /* WriteDiary */,
				6BB3CE392B85F081005BC3E1 /* Setting */,
				6BB3CE382B85F07E005BC3E1 /* Map */,
				6BB3CE372B85F07C005BC3E1 /* Motivation */,
				6BB3CE362B85F070005BC3E1 /* Main */,
				6BB3CE342B85EFB1005BC3E1 /* TabBarController.swift */,
				6BABC3682B85D107009267B3 /* AppDelegate.swift */,
				6BABC36A2B85D107009267B3 /* SceneDelegate.swift */,
				6BABC36C2B85D107009267B3 /* ViewController.swift */,
				6BABC3712B85D109009267B3 /* Assets.xcassets */,
				6BABC3732B85D109009267B3 /* LaunchScreen.storyboard */,
				6BA0114F2B8633B500A26CE0 /* GoogleService-Info.plist */,
				6BABC3762B85D109009267B3 /* Info.plist */,
			);
			path = EveryDiary;
			sourceTree = "<group>";
		};
		6BABC3C92B85D805009267B3 /* Frameworks */ = {
			isa = PBXGroup;
			children = (
			);
			name = Frameworks;
			sourceTree = "<group>";
		};
		6BB3CE362B85F070005BC3E1 /* Main */ = {
			isa = PBXGroup;
			children = (
				6BB3CE432B85F6B1005BC3E1 /* MainVC.swift */,
			);
			path = Main;
			sourceTree = "<group>";
		};
		6BB3CE372B85F07C005BC3E1 /* Motivation */ = {
			isa = PBXGroup;
			children = (
				6BB3CE412B85F6A0005BC3E1 /* MotivationVC.swift */,
			);
			path = Motivation;
			sourceTree = "<group>";
		};
		6BB3CE382B85F07E005BC3E1 /* Map */ = {
			isa = PBXGroup;
			children = (
				6BB3CE3F2B85F67E005BC3E1 /* MapVC.swift */,
			);
			path = Map;
			sourceTree = "<group>";
		};
		6BB3CE392B85F081005BC3E1 /* Setting */ = {
			isa = PBXGroup;
			children = (
				6BB3CE3D2B85F66E005BC3E1 /* SettingVC.swift */,
			);
			path = Setting;
			sourceTree = "<group>";
		};
		6BB3CE3A2B85F087005BC3E1 /* WriteDiary */ = {
			isa = PBXGroup;
			children = (
				6BB3CE3B2B85F606005BC3E1 /* WriteDiaryVC.swift */,
			);
			path = WriteDiary;
			sourceTree = "<group>";
		};
/* End PBXGroup section */

/* Begin PBXNativeTarget section */
		6BABC3642B85D107009267B3 /* EveryDiary */ = {
			isa = PBXNativeTarget;
			buildConfigurationList = 6BABC3792B85D109009267B3 /* Build configuration list for PBXNativeTarget "EveryDiary" */;
			buildPhases = (
				6BABC3612B85D107009267B3 /* Sources */,
				6BABC3622B85D107009267B3 /* Frameworks */,
				6BABC3632B85D107009267B3 /* Resources */,
			);
			buildRules = (
			);
			dependencies = (
			);
			name = EveryDiary;
			packageProductDependencies = (
				6BABC37D2B85D142009267B3 /* SnapKit */,
				6BABC37F2B85D142009267B3 /* SnapKit-Dynamic */,
				6BABC3822B85D235009267B3 /* Lottie */,
				6BB3CE452B8619D0005BC3E1 /* FirebaseFirestore */,
				6BB3CE472B8619D5005BC3E1 /* FirebaseFirestoreSwift */,
			);
			productName = EveryDiary;
			productReference = 6BABC3652B85D107009267B3 /* EveryDiary.app */;
			productType = "com.apple.product-type.application";
		};
/* End PBXNativeTarget section */

/* Begin PBXProject section */
		6BABC35D2B85D107009267B3 /* Project object */ = {
			isa = PBXProject;
			attributes = {
				BuildIndependentTargetsInParallel = 1;
				LastSwiftUpdateCheck = 1520;
				LastUpgradeCheck = 1520;
				TargetAttributes = {
					6BABC3642B85D107009267B3 = {
						CreatedOnToolsVersion = 15.2;
					};
				};
			};
			buildConfigurationList = 6BABC3602B85D107009267B3 /* Build configuration list for PBXProject "EveryDiary" */;
			compatibilityVersion = "Xcode 14.0";
			developmentRegion = en;
			hasScannedForEncodings = 0;
			knownRegions = (
				en,
				Base,
			);
			mainGroup = 6BABC35C2B85D107009267B3;
			packageReferences = (
				6BABC37C2B85D142009267B3 /* XCRemoteSwiftPackageReference "SnapKit" */,
				6BABC3812B85D235009267B3 /* XCRemoteSwiftPackageReference "lottie-spm" */,
				6BB3CE052B85DD74005BC3E1 /* XCRemoteSwiftPackageReference "firebase-ios-sdk" */,
			);
			productRefGroup = 6BABC3662B85D107009267B3 /* Products */;
			projectDirPath = "";
			projectRoot = "";
			targets = (
				6BABC3642B85D107009267B3 /* EveryDiary */,
			);
		};
/* End PBXProject section */

/* Begin PBXResourcesBuildPhase section */
		6BABC3632B85D107009267B3 /* Resources */ = {
			isa = PBXResourcesBuildPhase;
			buildActionMask = 2147483647;
			files = (
				6BABC3752B85D109009267B3 /* LaunchScreen.storyboard in Resources */,
				6BA011502B8633B500A26CE0 /* GoogleService-Info.plist in Resources */,
				6BABC3722B85D109009267B3 /* Assets.xcassets in Resources */,
			);
			runOnlyForDeploymentPostprocessing = 0;
		};
/* End PBXResourcesBuildPhase section */

/* Begin PBXSourcesBuildPhase section */
		6BABC3612B85D107009267B3 /* Sources */ = {
			isa = PBXSourcesBuildPhase;
			buildActionMask = 2147483647;
			files = (
				6BB3CE422B85F6A0005BC3E1 /* MotivationVC.swift in Sources */,
				6BABC36D2B85D107009267B3 /* ViewController.swift in Sources */,
				6BB3CE3E2B85F66E005BC3E1 /* SettingVC.swift in Sources */,
				6BABC3692B85D107009267B3 /* AppDelegate.swift in Sources */,
				6BB3CE442B85F6B1005BC3E1 /* MainVC.swift in Sources */,
				6BABC36B2B85D107009267B3 /* SceneDelegate.swift in Sources */,
				6BB3CE402B85F67E005BC3E1 /* MapVC.swift in Sources */,
				6BB3CE3C2B85F606005BC3E1 /* WriteDiaryVC.swift in Sources */,
				6BB3CE352B85EFB1005BC3E1 /* TabBarController.swift in Sources */,
			);
			runOnlyForDeploymentPostprocessing = 0;
		};
/* End PBXSourcesBuildPhase section */

/* Begin PBXVariantGroup section */
		6BABC3732B85D109009267B3 /* LaunchScreen.storyboard */ = {
			isa = PBXVariantGroup;
			children = (
				6BABC3742B85D109009267B3 /* Base */,
			);
			name = LaunchScreen.storyboard;
			sourceTree = "<group>";
		};
/* End PBXVariantGroup section */

/* Begin XCBuildConfiguration section */
		6BABC3772B85D109009267B3 /* Debug */ = {
			isa = XCBuildConfiguration;
			buildSettings = {
				ALWAYS_SEARCH_USER_PATHS = NO;
				ASSETCATALOG_COMPILER_GENERATE_SWIFT_ASSET_SYMBOL_EXTENSIONS = YES;
				CLANG_ANALYZER_NONNULL = YES;
				CLANG_ANALYZER_NUMBER_OBJECT_CONVERSION = YES_AGGRESSIVE;
				CLANG_CXX_LANGUAGE_STANDARD = "gnu++20";
				CLANG_ENABLE_MODULES = YES;
				CLANG_ENABLE_OBJC_ARC = YES;
				CLANG_ENABLE_OBJC_WEAK = YES;
				CLANG_WARN_BLOCK_CAPTURE_AUTORELEASING = YES;
				CLANG_WARN_BOOL_CONVERSION = YES;
				CLANG_WARN_COMMA = YES;
				CLANG_WARN_CONSTANT_CONVERSION = YES;
				CLANG_WARN_DEPRECATED_OBJC_IMPLEMENTATIONS = YES;
				CLANG_WARN_DIRECT_OBJC_ISA_USAGE = YES_ERROR;
				CLANG_WARN_DOCUMENTATION_COMMENTS = YES;
				CLANG_WARN_EMPTY_BODY = YES;
				CLANG_WARN_ENUM_CONVERSION = YES;
				CLANG_WARN_INFINITE_RECURSION = YES;
				CLANG_WARN_INT_CONVERSION = YES;
				CLANG_WARN_NON_LITERAL_NULL_CONVERSION = YES;
				CLANG_WARN_OBJC_IMPLICIT_RETAIN_SELF = YES;
				CLANG_WARN_OBJC_LITERAL_CONVERSION = YES;
				CLANG_WARN_OBJC_ROOT_CLASS = YES_ERROR;
				CLANG_WARN_QUOTED_INCLUDE_IN_FRAMEWORK_HEADER = YES;
				CLANG_WARN_RANGE_LOOP_ANALYSIS = YES;
				CLANG_WARN_STRICT_PROTOTYPES = YES;
				CLANG_WARN_SUSPICIOUS_MOVE = YES;
				CLANG_WARN_UNGUARDED_AVAILABILITY = YES_AGGRESSIVE;
				CLANG_WARN_UNREACHABLE_CODE = YES;
				CLANG_WARN__DUPLICATE_METHOD_MATCH = YES;
				COPY_PHASE_STRIP = NO;
				DEBUG_INFORMATION_FORMAT = dwarf;
				ENABLE_STRICT_OBJC_MSGSEND = YES;
				ENABLE_TESTABILITY = YES;
				ENABLE_USER_SCRIPT_SANDBOXING = YES;
				GCC_C_LANGUAGE_STANDARD = gnu17;
				GCC_DYNAMIC_NO_PIC = NO;
				GCC_NO_COMMON_BLOCKS = YES;
				GCC_OPTIMIZATION_LEVEL = 0;
				GCC_PREPROCESSOR_DEFINITIONS = (
					"DEBUG=1",
					"$(inherited)",
				);
				GCC_WARN_64_TO_32_BIT_CONVERSION = YES;
				GCC_WARN_ABOUT_RETURN_TYPE = YES_ERROR;
				GCC_WARN_UNDECLARED_SELECTOR = YES;
				GCC_WARN_UNINITIALIZED_AUTOS = YES_AGGRESSIVE;
				GCC_WARN_UNUSED_FUNCTION = YES;
				GCC_WARN_UNUSED_VARIABLE = YES;
				IPHONEOS_DEPLOYMENT_TARGET = 17.2;
				LOCALIZATION_PREFERS_STRING_CATALOGS = YES;
				MTL_ENABLE_DEBUG_INFO = INCLUDE_SOURCE;
				MTL_FAST_MATH = YES;
				ONLY_ACTIVE_ARCH = YES;
				SDKROOT = iphoneos;
				SWIFT_ACTIVE_COMPILATION_CONDITIONS = "DEBUG $(inherited)";
				SWIFT_OPTIMIZATION_LEVEL = "-Onone";
			};
			name = Debug;
		};
		6BABC3782B85D109009267B3 /* Release */ = {
			isa = XCBuildConfiguration;
			buildSettings = {
				ALWAYS_SEARCH_USER_PATHS = NO;
				ASSETCATALOG_COMPILER_GENERATE_SWIFT_ASSET_SYMBOL_EXTENSIONS = YES;
				CLANG_ANALYZER_NONNULL = YES;
				CLANG_ANALYZER_NUMBER_OBJECT_CONVERSION = YES_AGGRESSIVE;
				CLANG_CXX_LANGUAGE_STANDARD = "gnu++20";
				CLANG_ENABLE_MODULES = YES;
				CLANG_ENABLE_OBJC_ARC = YES;
				CLANG_ENABLE_OBJC_WEAK = YES;
				CLANG_WARN_BLOCK_CAPTURE_AUTORELEASING = YES;
				CLANG_WARN_BOOL_CONVERSION = YES;
				CLANG_WARN_COMMA = YES;
				CLANG_WARN_CONSTANT_CONVERSION = YES;
				CLANG_WARN_DEPRECATED_OBJC_IMPLEMENTATIONS = YES;
				CLANG_WARN_DIRECT_OBJC_ISA_USAGE = YES_ERROR;
				CLANG_WARN_DOCUMENTATION_COMMENTS = YES;
				CLANG_WARN_EMPTY_BODY = YES;
				CLANG_WARN_ENUM_CONVERSION = YES;
				CLANG_WARN_INFINITE_RECURSION = YES;
				CLANG_WARN_INT_CONVERSION = YES;
				CLANG_WARN_NON_LITERAL_NULL_CONVERSION = YES;
				CLANG_WARN_OBJC_IMPLICIT_RETAIN_SELF = YES;
				CLANG_WARN_OBJC_LITERAL_CONVERSION = YES;
				CLANG_WARN_OBJC_ROOT_CLASS = YES_ERROR;
				CLANG_WARN_QUOTED_INCLUDE_IN_FRAMEWORK_HEADER = YES;
				CLANG_WARN_RANGE_LOOP_ANALYSIS = YES;
				CLANG_WARN_STRICT_PROTOTYPES = YES;
				CLANG_WARN_SUSPICIOUS_MOVE = YES;
				CLANG_WARN_UNGUARDED_AVAILABILITY = YES_AGGRESSIVE;
				CLANG_WARN_UNREACHABLE_CODE = YES;
				CLANG_WARN__DUPLICATE_METHOD_MATCH = YES;
				COPY_PHASE_STRIP = NO;
				DEBUG_INFORMATION_FORMAT = "dwarf-with-dsym";
				ENABLE_NS_ASSERTIONS = NO;
				ENABLE_STRICT_OBJC_MSGSEND = YES;
				ENABLE_USER_SCRIPT_SANDBOXING = YES;
				GCC_C_LANGUAGE_STANDARD = gnu17;
				GCC_NO_COMMON_BLOCKS = YES;
				GCC_WARN_64_TO_32_BIT_CONVERSION = YES;
				GCC_WARN_ABOUT_RETURN_TYPE = YES_ERROR;
				GCC_WARN_UNDECLARED_SELECTOR = YES;
				GCC_WARN_UNINITIALIZED_AUTOS = YES_AGGRESSIVE;
				GCC_WARN_UNUSED_FUNCTION = YES;
				GCC_WARN_UNUSED_VARIABLE = YES;
				IPHONEOS_DEPLOYMENT_TARGET = 17.2;
				LOCALIZATION_PREFERS_STRING_CATALOGS = YES;
				MTL_ENABLE_DEBUG_INFO = NO;
				MTL_FAST_MATH = YES;
				SDKROOT = iphoneos;
				SWIFT_COMPILATION_MODE = wholemodule;
				VALIDATE_PRODUCT = YES;
			};
			name = Release;
		};
		6BABC37A2B85D109009267B3 /* Debug */ = {
			isa = XCBuildConfiguration;
			buildSettings = {
				ASSETCATALOG_COMPILER_APPICON_NAME = AppIcon;
				ASSETCATALOG_COMPILER_GLOBAL_ACCENT_COLOR_NAME = AccentColor;
				CODE_SIGN_STYLE = Automatic;
				CURRENT_PROJECT_VERSION = 1;
				DEVELOPMENT_TEAM = UP9KCDW7ZZ;
				GENERATE_INFOPLIST_FILE = YES;
				INFOPLIST_FILE = EveryDiary/Info.plist;
				INFOPLIST_KEY_UIApplicationSupportsIndirectInputEvents = YES;
				INFOPLIST_KEY_UILaunchStoryboardName = LaunchScreen;
				INFOPLIST_KEY_UISupportedInterfaceOrientations_iPad = "UIInterfaceOrientationPortrait UIInterfaceOrientationPortraitUpsideDown UIInterfaceOrientationLandscapeLeft UIInterfaceOrientationLandscapeRight";
				INFOPLIST_KEY_UISupportedInterfaceOrientations_iPhone = "UIInterfaceOrientationPortrait UIInterfaceOrientationLandscapeLeft UIInterfaceOrientationLandscapeRight";
				LD_RUNPATH_SEARCH_PATHS = (
					"$(inherited)",
					"@executable_path/Frameworks",
				);
				MARKETING_VERSION = 1.0;
				PRODUCT_BUNDLE_IDENTIFIER = com.koes.EveryDiary;
				PRODUCT_NAME = "$(TARGET_NAME)";
				SWIFT_EMIT_LOC_STRINGS = YES;
				SWIFT_VERSION = 5.0;
				TARGETED_DEVICE_FAMILY = "1,2";
			};
			name = Debug;
		};
		6BABC37B2B85D109009267B3 /* Release */ = {
			isa = XCBuildConfiguration;
			buildSettings = {
				ASSETCATALOG_COMPILER_APPICON_NAME = AppIcon;
				ASSETCATALOG_COMPILER_GLOBAL_ACCENT_COLOR_NAME = AccentColor;
				CODE_SIGN_STYLE = Automatic;
				CURRENT_PROJECT_VERSION = 1;
				DEVELOPMENT_TEAM = UP9KCDW7ZZ;
				GENERATE_INFOPLIST_FILE = YES;
				INFOPLIST_FILE = EveryDiary/Info.plist;
				INFOPLIST_KEY_UIApplicationSupportsIndirectInputEvents = YES;
				INFOPLIST_KEY_UILaunchStoryboardName = LaunchScreen;
				INFOPLIST_KEY_UISupportedInterfaceOrientations_iPad = "UIInterfaceOrientationPortrait UIInterfaceOrientationPortraitUpsideDown UIInterfaceOrientationLandscapeLeft UIInterfaceOrientationLandscapeRight";
				INFOPLIST_KEY_UISupportedInterfaceOrientations_iPhone = "UIInterfaceOrientationPortrait UIInterfaceOrientationLandscapeLeft UIInterfaceOrientationLandscapeRight";
				LD_RUNPATH_SEARCH_PATHS = (
					"$(inherited)",
					"@executable_path/Frameworks",
				);
				MARKETING_VERSION = 1.0;
				PRODUCT_BUNDLE_IDENTIFIER = com.koes.EveryDiary;
				PRODUCT_NAME = "$(TARGET_NAME)";
				SWIFT_EMIT_LOC_STRINGS = YES;
				SWIFT_VERSION = 5.0;
				TARGETED_DEVICE_FAMILY = "1,2";
			};
			name = Release;
		};
/* End XCBuildConfiguration section */

/* Begin XCConfigurationList section */
		6BABC3602B85D107009267B3 /* Build configuration list for PBXProject "EveryDiary" */ = {
			isa = XCConfigurationList;
			buildConfigurations = (
				6BABC3772B85D109009267B3 /* Debug */,
				6BABC3782B85D109009267B3 /* Release */,
			);
			defaultConfigurationIsVisible = 0;
			defaultConfigurationName = Release;
		};
		6BABC3792B85D109009267B3 /* Build configuration list for PBXNativeTarget "EveryDiary" */ = {
			isa = XCConfigurationList;
			buildConfigurations = (
				6BABC37A2B85D109009267B3 /* Debug */,
				6BABC37B2B85D109009267B3 /* Release */,
			);
			defaultConfigurationIsVisible = 0;
			defaultConfigurationName = Release;
		};
/* End XCConfigurationList section */

/* Begin XCRemoteSwiftPackageReference section */
		6BABC37C2B85D142009267B3 /* XCRemoteSwiftPackageReference "SnapKit" */ = {
			isa = XCRemoteSwiftPackageReference;
			repositoryURL = "https://github.com/SnapKit/SnapKit.git";
			requirement = {
				kind = upToNextMajorVersion;
				minimumVersion = 5.7.1;
			};
		};
		6BABC3812B85D235009267B3 /* XCRemoteSwiftPackageReference "lottie-spm" */ = {
			isa = XCRemoteSwiftPackageReference;
			repositoryURL = "https://github.com/airbnb/lottie-spm.git";
			requirement = {
				kind = upToNextMajorVersion;
				minimumVersion = 4.4.0;
			};
		};
		6BB3CE052B85DD74005BC3E1 /* XCRemoteSwiftPackageReference "firebase-ios-sdk" */ = {
			isa = XCRemoteSwiftPackageReference;
			repositoryURL = "https://github.com/firebase/firebase-ios-sdk";
			requirement = {
				kind = upToNextMajorVersion;
				minimumVersion = 10.21.0;
			};
		};
/* End XCRemoteSwiftPackageReference section */

/* Begin XCSwiftPackageProductDependency section */
		6BABC37D2B85D142009267B3 /* SnapKit */ = {
			isa = XCSwiftPackageProductDependency;
			package = 6BABC37C2B85D142009267B3 /* XCRemoteSwiftPackageReference "SnapKit" */;
			productName = SnapKit;
		};
		6BABC37F2B85D142009267B3 /* SnapKit-Dynamic */ = {
			isa = XCSwiftPackageProductDependency;
			package = 6BABC37C2B85D142009267B3 /* XCRemoteSwiftPackageReference "SnapKit" */;
			productName = "SnapKit-Dynamic";
		};
		6BABC3822B85D235009267B3 /* Lottie */ = {
			isa = XCSwiftPackageProductDependency;
			package = 6BABC3812B85D235009267B3 /* XCRemoteSwiftPackageReference "lottie-spm" */;
			productName = Lottie;
		};
		6BB3CE452B8619D0005BC3E1 /* FirebaseFirestore */ = {
			isa = XCSwiftPackageProductDependency;
			package = 6BB3CE052B85DD74005BC3E1 /* XCRemoteSwiftPackageReference "firebase-ios-sdk" */;
			productName = FirebaseFirestore;
		};
		6BB3CE472B8619D5005BC3E1 /* FirebaseFirestoreSwift */ = {
			isa = XCSwiftPackageProductDependency;
			package = 6BB3CE052B85DD74005BC3E1 /* XCRemoteSwiftPackageReference "firebase-ios-sdk" */;
			productName = FirebaseFirestoreSwift;
		};
/* End XCSwiftPackageProductDependency section */
	};
	rootObject = 6BABC35D2B85D107009267B3 /* Project object */;
}
